Microsoft Visual Studio Solution File, Format Version 12.00
# Visual Studio Version 17
VisualStudioVersion = 17.5.2.0
MinimumVisualStudioVersion = 10.0.40219.1
Project("{FAE04EC0-301F-11D3-BF4B-00C04F79EFBC}") = "FluentCMS", "FluentCMS\FluentCMS.csproj", "{19DE3B14-CFC0-4F49-B3F8-6AC78960B27D}"
EndProject
Project("{FAE04EC0-301F-11D3-BF4B-00C04F79EFBC}") = "FluentCMS.Shared", "FluentCMS.Shared\FluentCMS.Shared.csproj", "{BA02E82A-673E-1429-C5F8-EDB505177C20}"
EndProject
Project("{2150E333-8FDC-42A3-9474-1A3956D46DE8}") = "Api", "Api", "{D82C56D6-B2CD-F611-9E31-04638F7EC30E}"
EndProject
Project("{2150E333-8FDC-42A3-9474-1A3956D46DE8}") = "Configuration", "Configuration", "{1ED04488-230B-86DB-8CF1-429704D2F8F4}"
EndProject
Project("{2150E333-8FDC-42A3-9474-1A3956D46DE8}") = "Plugins", "Plugins", "{07D57EEB-2F50-60C4-C011-FE4FA775C9A8}"
EndProject
Project("{2150E333-8FDC-42A3-9474-1A3956D46DE8}") = "Repositories", "Repositories", "{C45387E7-A239-B248-5540-D77B4284F48B}"
EndProject
Project("{2150E333-8FDC-42A3-9474-1A3956D46DE8}") = "Providers", "Providers", "{D9007A03-FD03-1159-6598-E081D0A1BEBA}"
EndProject
Project("{FAE04EC0-301F-11D3-BF4B-00C04F79EFBC}") = "FluentCMS.Api", "Api\FluentCMS.Api\FluentCMS.Api.csproj", "{72783895-DC6F-5E70-2F71-0ECFC9336CCF}"
EndProject
Project("{FAE04EC0-301F-11D3-BF4B-00C04F79EFBC}") = "FluentCMS.Configuration", "Configuration\FluentCMS.Configuration\FluentCMS.Configuration.csproj", "{7694B218-1B53-3282-2D8A-DF75FB8DA743}"
EndProject
Project("{FAE04EC0-301F-11D3-BF4B-00C04F79EFBC}") = "FluentCMS.Configuration.Sqlite", "Configuration\FluentCMS.Configuration.Sqlite\FluentCMS.Configuration.Sqlite.csproj", "{8A917389-150B-E22F-2D05-2034F68215CE}"
EndProject
Project("{FAE04EC0-301F-11D3-BF4B-00C04F79EFBC}") = "FluentCMS.Configuration.SqlServer", "Configuration\FluentCMS.Configuration.SqlServer\FluentCMS.Configuration.SqlServer.csproj", "{5842631F-09AF-6C54-F5C9-3C10BA76DC72}"
EndProject
Project("{FAE04EC0-301F-11D3-BF4B-00C04F79EFBC}") = "FluentCMS.Plugins.IdentityManager", "Plugins\FluentCMS.Plugins.IdentityManager\FluentCMS.Plugins.IdentityManager.csproj", "{95A43BF3-0468-E197-0056-8FC502B1BEF3}"
EndProject
Project("{FAE04EC0-301F-11D3-BF4B-00C04F79EFBC}") = "FluentCMS.Plugins.TodoManager", "Plugins\FluentCMS.Plugins.TodoManager\FluentCMS.Plugins.TodoManager.csproj", "{67E68F12-273A-E9A5-AFE0-9BDB9A57A1C0}"
EndProject
Project("{FAE04EC0-301F-11D3-BF4B-00C04F79EFBC}") = "FluentCMS.Repositories.Sqlite", "Repositories\FluentCMS.Repositories.SQLite\FluentCMS.Repositories.Sqlite.csproj", "{F31E9EBA-9E38-CFBB-EBE2-EBB9DBCBB736}"
EndProject
Project("{FAE04EC0-301F-11D3-BF4B-00C04F79EFBC}") = "FluentCMS.Repositories.SqlServer", "Repositories\FluentCMS.Repositories.SqlServer\FluentCMS.Repositories.SqlServer.csproj", "{5E9459B3-8806-D370-F11E-71FACC91DFDA}"
EndProject
Project("{2150E333-8FDC-42A3-9474-1A3956D46DE8}") = "Core", "Core", "{6DF99A32-BD5F-554F-8882-DA8144A44D7A}"
EndProject
Project("{FAE04EC0-301F-11D3-BF4B-00C04F79EFBC}") = "FluentCMS.Plugins", "Plugins\Core\FluentCMS.Plugins\FluentCMS.Plugins.csproj", "{8C4B8486-15A5-2C40-64CF-99C8BE848335}"
EndProject
Project("{FAE04EC0-301F-11D3-BF4B-00C04F79EFBC}") = "FluentCMS.Plugins.Abstractions", "Plugins\Core\FluentCMS.Plugins.Abstractions\FluentCMS.Plugins.Abstractions.csproj", "{78ABC3D8-A2E1-3733-2A87-45616E386CFC}"
EndProject
Project("{2150E333-8FDC-42A3-9474-1A3956D46DE8}") = "Caching", "Caching", "{42B13F6E-268E-D33C-E3B9-A0A9278ABE87}"
EndProject
Project("{FAE04EC0-301F-11D3-BF4B-00C04F79EFBC}") = "FluentCMS.Providers.Caching.Abstractions", "Providers\Caching\FluentCMS.Providers.Caching.Abstractions\FluentCMS.Providers.Caching.Abstractions.csproj", "{A63E83B4-2014-B692-A59E-C4B4239875DA}"
EndProject
Project("{FAE04EC0-301F-11D3-BF4B-00C04F79EFBC}") = "FluentCMS.Providers.Caching.InMemory", "Providers\Caching\FluentCMS.Providers.Caching.InMemory\FluentCMS.Providers.Caching.InMemory.csproj", "{D4A686A7-05E1-1C12-42C9-C1A6AA569DAA}"
EndProject
Project("{2150E333-8FDC-42A3-9474-1A3956D46DE8}") = "Core", "Core", "{C0A142ED-9063-93DF-5556-B1CB51E4B3C8}"
EndProject
Project("{FAE04EC0-301F-11D3-BF4B-00C04F79EFBC}") = "FluentCMS.Providers", "Providers\Core\FluentCMS.Providers\FluentCMS.Providers.csproj", "{B0F0EBFF-4849-21CC-2BA9-9828BC95CA18}"
EndProject
Project("{FAE04EC0-301F-11D3-BF4B-00C04F79EFBC}") = "FluentCMS.Providers.Abstractions", "Providers\Core\FluentCMS.Providers.Abstractions\FluentCMS.Providers.Abstractions.csproj", "{C8A42359-FD4A-6831-5A05-029FF776F27C}"
EndProject
Project("{FAE04EC0-301F-11D3-BF4B-00C04F79EFBC}") = "FluentCMS.Providers.Repositories.EntityFramework", "Providers\Core\FluentCMS.Providers.Repositories.EntityFramework\FluentCMS.Providers.Repositories.EntityFramework.csproj", "{F1AE3A02-FD17-D217-AEF8-A49F095E8427}"
EndProject
Project("{2150E333-8FDC-42A3-9474-1A3956D46DE8}") = "Email", "Email", "{B816D0E0-3FC3-D3D7-2BCA-60B1E1ADA162}"
EndProject
Project("{FAE04EC0-301F-11D3-BF4B-00C04F79EFBC}") = "FluentCMS.Providers.Email.Abstractions", "Providers\Email\FluentCMS.Providers.Email.Abstractions\FluentCMS.Providers.Email.Abstractions.csproj", "{4CF08C43-197A-73BF-A813-ADEA24F32E2E}"
EndProject
Project("{FAE04EC0-301F-11D3-BF4B-00C04F79EFBC}") = "FluentCMS.Providers.Email.Null", "Providers\Email\FluentCMS.Providers.Email.Null\FluentCMS.Providers.Email.Null.csproj", "{FF5BDD87-4B61-7A42-323B-7716870FFE7E}"
EndProject
Project("{FAE04EC0-301F-11D3-BF4B-00C04F79EFBC}") = "FluentCMS.Providers.Email.Smtp", "Providers\Email\FluentCMS.Providers.Email.Smtp\FluentCMS.Providers.Email.Smtp.csproj", "{F6805404-B81A-A21F-216E-2BEABB3617F7}"
EndProject
Project("{2150E333-8FDC-42A3-9474-1A3956D46DE8}") = "EventBus", "EventBus", "{46AC977A-2B99-C435-D847-A64914FC0FA5}"
EndProject
Project("{FAE04EC0-301F-11D3-BF4B-00C04F79EFBC}") = "FluentCMS.Providers.EventBus.Abstractions", "Providers\EventBus\FluentCMS.Providers.EventBus.Abstractions\FluentCMS.Providers.EventBus.Abstractions.csproj", "{C5EC76FD-CE92-E37C-00B9-79D7F0B11EAB}"
EndProject
Project("{FAE04EC0-301F-11D3-BF4B-00C04F79EFBC}") = "FluentCMS.Providers.EventBus.InMemory", "Providers\EventBus\FluentCMS.Providers.EventBus.InMemory\FluentCMS.Providers.EventBus.InMemory.csproj", "{1C20670C-BFE4-697A-F1B9-2DCF31D75E11}"
EndProject
Project("{FAE04EC0-301F-11D3-BF4B-00C04F79EFBC}") = "FluentCMS.Repositories.Tests.Integration", "Repositories\FluentCMS.Repositories.Tests.Integration\FluentCMS.Repositories.Tests.Integration.csproj", "{065EBE6F-F001-4B64-5516-4374AF8835C2}"
EndProject
Project("{FAE04EC0-301F-11D3-BF4B-00C04F79EFBC}") = "FluentCMS.Repositories", "Repositories\FluentCMS.Repositories\FluentCMS.Repositories.csproj", "{C130DE44-6E73-4492-9AC4-59C7273E8536}"
EndProject
Global
	GlobalSection(SolutionConfigurationPlatforms) = preSolution
		Debug|Any CPU = Debug|Any CPU
		Release|Any CPU = Release|Any CPU
	EndGlobalSection
	GlobalSection(ProjectConfigurationPlatforms) = postSolution
		{19DE3B14-CFC0-4F49-B3F8-6AC78960B27D}.Debug|Any CPU.ActiveCfg = Debug|Any CPU
		{19DE3B14-CFC0-4F49-B3F8-6AC78960B27D}.Debug|Any CPU.Build.0 = Debug|Any CPU
		{19DE3B14-CFC0-4F49-B3F8-6AC78960B27D}.Release|Any CPU.ActiveCfg = Release|Any CPU
		{19DE3B14-CFC0-4F49-B3F8-6AC78960B27D}.Release|Any CPU.Build.0 = Release|Any CPU
		{BA02E82A-673E-1429-C5F8-EDB505177C20}.Debug|Any CPU.ActiveCfg = Debug|Any CPU
		{BA02E82A-673E-1429-C5F8-EDB505177C20}.Debug|Any CPU.Build.0 = Debug|Any CPU
		{BA02E82A-673E-1429-C5F8-EDB505177C20}.Release|Any CPU.ActiveCfg = Release|Any CPU
		{BA02E82A-673E-1429-C5F8-EDB505177C20}.Release|Any CPU.Build.0 = Release|Any CPU
		{72783895-DC6F-5E70-2F71-0ECFC9336CCF}.Debug|Any CPU.ActiveCfg = Debug|Any CPU
		{72783895-DC6F-5E70-2F71-0ECFC9336CCF}.Debug|Any CPU.Build.0 = Debug|Any CPU
		{72783895-DC6F-5E70-2F71-0ECFC9336CCF}.Release|Any CPU.ActiveCfg = Release|Any CPU
		{72783895-DC6F-5E70-2F71-0ECFC9336CCF}.Release|Any CPU.Build.0 = Release|Any CPU
		{7694B218-1B53-3282-2D8A-DF75FB8DA743}.Debug|Any CPU.ActiveCfg = Debug|Any CPU
		{7694B218-1B53-3282-2D8A-DF75FB8DA743}.Debug|Any CPU.Build.0 = Debug|Any CPU
		{7694B218-1B53-3282-2D8A-DF75FB8DA743}.Release|Any CPU.ActiveCfg = Release|Any CPU
		{7694B218-1B53-3282-2D8A-DF75FB8DA743}.Release|Any CPU.Build.0 = Release|Any CPU
		{8A917389-150B-E22F-2D05-2034F68215CE}.Debug|Any CPU.ActiveCfg = Debug|Any CPU
		{8A917389-150B-E22F-2D05-2034F68215CE}.Debug|Any CPU.Build.0 = Debug|Any CPU
		{8A917389-150B-E22F-2D05-2034F68215CE}.Release|Any CPU.ActiveCfg = Release|Any CPU
		{8A917389-150B-E22F-2D05-2034F68215CE}.Release|Any CPU.Build.0 = Release|Any CPU
		{5842631F-09AF-6C54-F5C9-3C10BA76DC72}.Debug|Any CPU.ActiveCfg = Debug|Any CPU
		{5842631F-09AF-6C54-F5C9-3C10BA76DC72}.Debug|Any CPU.Build.0 = Debug|Any CPU
		{5842631F-09AF-6C54-F5C9-3C10BA76DC72}.Release|Any CPU.ActiveCfg = Release|Any CPU
		{5842631F-09AF-6C54-F5C9-3C10BA76DC72}.Release|Any CPU.Build.0 = Release|Any CPU
		{95A43BF3-0468-E197-0056-8FC502B1BEF3}.Debug|Any CPU.ActiveCfg = Debug|Any CPU
		{95A43BF3-0468-E197-0056-8FC502B1BEF3}.Debug|Any CPU.Build.0 = Debug|Any CPU
		{95A43BF3-0468-E197-0056-8FC502B1BEF3}.Release|Any CPU.ActiveCfg = Release|Any CPU
		{95A43BF3-0468-E197-0056-8FC502B1BEF3}.Release|Any CPU.Build.0 = Release|Any CPU
		{67E68F12-273A-E9A5-AFE0-9BDB9A57A1C0}.Debug|Any CPU.ActiveCfg = Debug|Any CPU
		{67E68F12-273A-E9A5-AFE0-9BDB9A57A1C0}.Debug|Any CPU.Build.0 = Debug|Any CPU
		{67E68F12-273A-E9A5-AFE0-9BDB9A57A1C0}.Release|Any CPU.ActiveCfg = Release|Any CPU
		{67E68F12-273A-E9A5-AFE0-9BDB9A57A1C0}.Release|Any CPU.Build.0 = Release|Any CPU
		{F31E9EBA-9E38-CFBB-EBE2-EBB9DBCBB736}.Debug|Any CPU.ActiveCfg = Debug|Any CPU
		{F31E9EBA-9E38-CFBB-EBE2-EBB9DBCBB736}.Debug|Any CPU.Build.0 = Debug|Any CPU
		{F31E9EBA-9E38-CFBB-EBE2-EBB9DBCBB736}.Release|Any CPU.ActiveCfg = Release|Any CPU
		{F31E9EBA-9E38-CFBB-EBE2-EBB9DBCBB736}.Release|Any CPU.Build.0 = Release|Any CPU
		{5E9459B3-8806-D370-F11E-71FACC91DFDA}.Debug|Any CPU.ActiveCfg = Debug|Any CPU
		{5E9459B3-8806-D370-F11E-71FACC91DFDA}.Debug|Any CPU.Build.0 = Debug|Any CPU
		{5E9459B3-8806-D370-F11E-71FACC91DFDA}.Release|Any CPU.ActiveCfg = Release|Any CPU
		{5E9459B3-8806-D370-F11E-71FACC91DFDA}.Release|Any CPU.Build.0 = Release|Any CPU
		{8C4B8486-15A5-2C40-64CF-99C8BE848335}.Debug|Any CPU.ActiveCfg = Debug|Any CPU
		{8C4B8486-15A5-2C40-64CF-99C8BE848335}.Debug|Any CPU.Build.0 = Debug|Any CPU
		{8C4B8486-15A5-2C40-64CF-99C8BE848335}.Release|Any CPU.ActiveCfg = Release|Any CPU
		{8C4B8486-15A5-2C40-64CF-99C8BE848335}.Release|Any CPU.Build.0 = Release|Any CPU
		{78ABC3D8-A2E1-3733-2A87-45616E386CFC}.Debug|Any CPU.ActiveCfg = Debug|Any CPU
		{78ABC3D8-A2E1-3733-2A87-45616E386CFC}.Debug|Any CPU.Build.0 = Debug|Any CPU
		{78ABC3D8-A2E1-3733-2A87-45616E386CFC}.Release|Any CPU.ActiveCfg = Release|Any CPU
		{78ABC3D8-A2E1-3733-2A87-45616E386CFC}.Release|Any CPU.Build.0 = Release|Any CPU
		{A63E83B4-2014-B692-A59E-C4B4239875DA}.Debug|Any CPU.ActiveCfg = Debug|Any CPU
		{A63E83B4-2014-B692-A59E-C4B4239875DA}.Debug|Any CPU.Build.0 = Debug|Any CPU
		{A63E83B4-2014-B692-A59E-C4B4239875DA}.Release|Any CPU.ActiveCfg = Release|Any CPU
		{A63E83B4-2014-B692-A59E-C4B4239875DA}.Release|Any CPU.Build.0 = Release|Any CPU
		{D4A686A7-05E1-1C12-42C9-C1A6AA569DAA}.Debug|Any CPU.ActiveCfg = Debug|Any CPU
		{D4A686A7-05E1-1C12-42C9-C1A6AA569DAA}.Debug|Any CPU.Build.0 = Debug|Any CPU
		{D4A686A7-05E1-1C12-42C9-C1A6AA569DAA}.Release|Any CPU.ActiveCfg = Release|Any CPU
		{D4A686A7-05E1-1C12-42C9-C1A6AA569DAA}.Release|Any CPU.Build.0 = Release|Any CPU
		{B0F0EBFF-4849-21CC-2BA9-9828BC95CA18}.Debug|Any CPU.ActiveCfg = Debug|Any CPU
		{B0F0EBFF-4849-21CC-2BA9-9828BC95CA18}.Debug|Any CPU.Build.0 = Debug|Any CPU
		{B0F0EBFF-4849-21CC-2BA9-9828BC95CA18}.Release|Any CPU.ActiveCfg = Release|Any CPU
		{B0F0EBFF-4849-21CC-2BA9-9828BC95CA18}.Release|Any CPU.Build.0 = Release|Any CPU
		{C8A42359-FD4A-6831-5A05-029FF776F27C}.Debug|Any CPU.ActiveCfg = Debug|Any CPU
		{C8A42359-FD4A-6831-5A05-029FF776F27C}.Debug|Any CPU.Build.0 = Debug|Any CPU
		{C8A42359-FD4A-6831-5A05-029FF776F27C}.Release|Any CPU.ActiveCfg = Release|Any CPU
		{C8A42359-FD4A-6831-5A05-029FF776F27C}.Release|Any CPU.Build.0 = Release|Any CPU
		{F1AE3A02-FD17-D217-AEF8-A49F095E8427}.Debug|Any CPU.ActiveCfg = Debug|Any CPU
		{F1AE3A02-FD17-D217-AEF8-A49F095E8427}.Debug|Any CPU.Build.0 = Debug|Any CPU
		{F1AE3A02-FD17-D217-AEF8-A49F095E8427}.Release|Any CPU.ActiveCfg = Release|Any CPU
		{F1AE3A02-FD17-D217-AEF8-A49F095E8427}.Release|Any CPU.Build.0 = Release|Any CPU
		{4CF08C43-197A-73BF-A813-ADEA24F32E2E}.Debug|Any CPU.ActiveCfg = Debug|Any CPU
		{4CF08C43-197A-73BF-A813-ADEA24F32E2E}.Debug|Any CPU.Build.0 = Debug|Any CPU
		{4CF08C43-197A-73BF-A813-ADEA24F32E2E}.Release|Any CPU.ActiveCfg = Release|Any CPU
		{4CF08C43-197A-73BF-A813-ADEA24F32E2E}.Release|Any CPU.Build.0 = Release|Any CPU
		{FF5BDD87-4B61-7A42-323B-7716870FFE7E}.Debug|Any CPU.ActiveCfg = Debug|Any CPU
		{FF5BDD87-4B61-7A42-323B-7716870FFE7E}.Debug|Any CPU.Build.0 = Debug|Any CPU
		{FF5BDD87-4B61-7A42-323B-7716870FFE7E}.Release|Any CPU.ActiveCfg = Release|Any CPU
		{FF5BDD87-4B61-7A42-323B-7716870FFE7E}.Release|Any CPU.Build.0 = Release|Any CPU
		{F6805404-B81A-A21F-216E-2BEABB3617F7}.Debug|Any CPU.ActiveCfg = Debug|Any CPU
		{F6805404-B81A-A21F-216E-2BEABB3617F7}.Debug|Any CPU.Build.0 = Debug|Any CPU
		{F6805404-B81A-A21F-216E-2BEABB3617F7}.Release|Any CPU.ActiveCfg = Release|Any CPU
		{F6805404-B81A-A21F-216E-2BEABB3617F7}.Release|Any CPU.Build.0 = Release|Any CPU
		{C5EC76FD-CE92-E37C-00B9-79D7F0B11EAB}.Debug|Any CPU.ActiveCfg = Debug|Any CPU
		{C5EC76FD-CE92-E37C-00B9-79D7F0B11EAB}.Debug|Any CPU.Build.0 = Debug|Any CPU
		{C5EC76FD-CE92-E37C-00B9-79D7F0B11EAB}.Release|Any CPU.ActiveCfg = Release|Any CPU
		{C5EC76FD-CE92-E37C-00B9-79D7F0B11EAB}.Release|Any CPU.Build.0 = Release|Any CPU
		{1C20670C-BFE4-697A-F1B9-2DCF31D75E11}.Debug|Any CPU.ActiveCfg = Debug|Any CPU
		{1C20670C-BFE4-697A-F1B9-2DCF31D75E11}.Debug|Any CPU.Build.0 = Debug|Any CPU
		{1C20670C-BFE4-697A-F1B9-2DCF31D75E11}.Release|Any CPU.ActiveCfg = Release|Any CPU
		{1C20670C-BFE4-697A-F1B9-2DCF31D75E11}.Release|Any CPU.Build.0 = Release|Any CPU
		{065EBE6F-F001-4B64-5516-4374AF8835C2}.Debug|Any CPU.ActiveCfg = Debug|Any CPU
		{065EBE6F-F001-4B64-5516-4374AF8835C2}.Debug|Any CPU.Build.0 = Debug|Any CPU
		{065EBE6F-F001-4B64-5516-4374AF8835C2}.Release|Any CPU.ActiveCfg = Release|Any CPU
		{065EBE6F-F001-4B64-5516-4374AF8835C2}.Release|Any CPU.Build.0 = Release|Any CPU
		{C130DE44-6E73-4492-9AC4-59C7273E8536}.Debug|Any CPU.ActiveCfg = Debug|Any CPU
		{C130DE44-6E73-4492-9AC4-59C7273E8536}.Debug|Any CPU.Build.0 = Debug|Any CPU
		{C130DE44-6E73-4492-9AC4-59C7273E8536}.Release|Any CPU.ActiveCfg = Release|Any CPU
		{C130DE44-6E73-4492-9AC4-59C7273E8536}.Release|Any CPU.Build.0 = Release|Any CPU
	EndGlobalSection
	GlobalSection(SolutionProperties) = preSolution
		HideSolutionNode = FALSE
	EndGlobalSection
	GlobalSection(NestedProjects) = preSolution
		{72783895-DC6F-5E70-2F71-0ECFC9336CCF} = {D82C56D6-B2CD-F611-9E31-04638F7EC30E}
		{7694B218-1B53-3282-2D8A-DF75FB8DA743} = {1ED04488-230B-86DB-8CF1-429704D2F8F4}
		{8A917389-150B-E22F-2D05-2034F68215CE} = {1ED04488-230B-86DB-8CF1-429704D2F8F4}
		{5842631F-09AF-6C54-F5C9-3C10BA76DC72} = {1ED04488-230B-86DB-8CF1-429704D2F8F4}
		{95A43BF3-0468-E197-0056-8FC502B1BEF3} = {07D57EEB-2F50-60C4-C011-FE4FA775C9A8}
		{67E68F12-273A-E9A5-AFE0-9BDB9A57A1C0} = {07D57EEB-2F50-60C4-C011-FE4FA775C9A8}
		{F31E9EBA-9E38-CFBB-EBE2-EBB9DBCBB736} = {C45387E7-A239-B248-5540-D77B4284F48B}
		{5E9459B3-8806-D370-F11E-71FACC91DFDA} = {C45387E7-A239-B248-5540-D77B4284F48B}
		{6DF99A32-BD5F-554F-8882-DA8144A44D7A} = {07D57EEB-2F50-60C4-C011-FE4FA775C9A8}
		{8C4B8486-15A5-2C40-64CF-99C8BE848335} = {6DF99A32-BD5F-554F-8882-DA8144A44D7A}
		{78ABC3D8-A2E1-3733-2A87-45616E386CFC} = {6DF99A32-BD5F-554F-8882-DA8144A44D7A}
		{42B13F6E-268E-D33C-E3B9-A0A9278ABE87} = {D9007A03-FD03-1159-6598-E081D0A1BEBA}
		{A63E83B4-2014-B692-A59E-C4B4239875DA} = {42B13F6E-268E-D33C-E3B9-A0A9278ABE87}
		{D4A686A7-05E1-1C12-42C9-C1A6AA569DAA} = {42B13F6E-268E-D33C-E3B9-A0A9278ABE87}
		{C0A142ED-9063-93DF-5556-B1CB51E4B3C8} = {D9007A03-FD03-1159-6598-E081D0A1BEBA}
		{B0F0EBFF-4849-21CC-2BA9-9828BC95CA18} = {C0A142ED-9063-93DF-5556-B1CB51E4B3C8}
		{C8A42359-FD4A-6831-5A05-029FF776F27C} = {C0A142ED-9063-93DF-5556-B1CB51E4B3C8}
		{F1AE3A02-FD17-D217-AEF8-A49F095E8427} = {C0A142ED-9063-93DF-5556-B1CB51E4B3C8}
		{B816D0E0-3FC3-D3D7-2BCA-60B1E1ADA162} = {D9007A03-FD03-1159-6598-E081D0A1BEBA}
		{4CF08C43-197A-73BF-A813-ADEA24F32E2E} = {B816D0E0-3FC3-D3D7-2BCA-60B1E1ADA162}
		{FF5BDD87-4B61-7A42-323B-7716870FFE7E} = {B816D0E0-3FC3-D3D7-2BCA-60B1E1ADA162}
		{F6805404-B81A-A21F-216E-2BEABB3617F7} = {B816D0E0-3FC3-D3D7-2BCA-60B1E1ADA162}
		{46AC977A-2B99-C435-D847-A64914FC0FA5} = {D9007A03-FD03-1159-6598-E081D0A1BEBA}
		{C5EC76FD-CE92-E37C-00B9-79D7F0B11EAB} = {46AC977A-2B99-C435-D847-A64914FC0FA5}
		{1C20670C-BFE4-697A-F1B9-2DCF31D75E11} = {46AC977A-2B99-C435-D847-A64914FC0FA5}
		{065EBE6F-F001-4B64-5516-4374AF8835C2} = {C45387E7-A239-B248-5540-D77B4284F48B}
		{C130DE44-6E73-4492-9AC4-59C7273E8536} = {C45387E7-A239-B248-5540-D77B4284F48B}
	EndGlobalSection
	GlobalSection(ExtensibilityGlobals) = postSolution
		SolutionGuid = {F9649E9A-5619-4FAE-97BC-3E256E32491D}
	EndGlobalSection
EndGlobal
