Microsoft Visual Studio Solution File, Format Version 12.00
# Visual Studio Version 17
VisualStudioVersion = 17.5.2.0
MinimumVisualStudioVersion = 10.0.40219.1
Project("{FAE04EC0-301F-11D3-BF4B-00C04F79EFBC}") = "IdentityExample", "IdentityExample.csproj", "{6C7ED6C6-B1E2-0B95-1E34-10ABD4CE9542}"
EndProject
Global
	GlobalSection(SolutionConfigurationPlatforms) = preSolution
		Debug|Any CPU = Debug|Any CPU
		Release|Any CPU = Release|Any CPU
	EndGlobalSection
	GlobalSection(ProjectConfigurationPlatforms) = postSolution
		{6C7ED6C6-B1E2-0B95-1E34-10ABD4CE9542}.Debug|Any CPU.ActiveCfg = Debug|Any CPU
		{6C7ED6C6-B1E2-0B95-1E34-10ABD4CE9542}.Debug|Any CPU.Build.0 = Debug|Any CPU
		{6C7ED6C6-B1E2-0B95-1E34-10ABD4CE9542}.Release|Any CPU.ActiveCfg = Release|Any CPU
		{6C7ED6C6-B1E2-0B95-1E34-10ABD4CE9542}.Release|Any CPU.Build.0 = Release|Any CPU
	EndGlobalSection
	GlobalSection(SolutionProperties) = preSolution
		HideSolutionNode = FALSE
	EndGlobalSection
	GlobalSection(ExtensibilityGlobals) = postSolution
		SolutionGuid = {CF69091D-13F4-4B2E-97A5-89FF8C4A77AA}
	EndGlobalSection
EndGlobal
