Microsoft Visual Studio Solution File, Format Version 12.00
# Visual Studio Version 17
VisualStudioVersion = 17.5.2.0
MinimumVisualStudioVersion = 10.0.40219.1
Project("{FAE04EC0-301F-11D3-BF4B-00C04F79EFBC}") = "FluentCMS.Repositories.EntityFramework", "FluentCMS.Repositories.EntityFramework.csproj", "{2C8E23A2-5C67-76CE-516A-27C4BE003C55}"
EndProject
Global
	GlobalSection(SolutionConfigurationPlatforms) = preSolution
		Debug|Any CPU = Debug|Any CPU
		Release|Any CPU = Release|Any CPU
	EndGlobalSection
	GlobalSection(ProjectConfigurationPlatforms) = postSolution
		{2C8E23A2-5C67-76CE-516A-27C4BE003C55}.Debug|Any CPU.ActiveCfg = Debug|Any CPU
		{2C8E23A2-5C67-76CE-516A-27C4BE003C55}.Debug|Any CPU.Build.0 = Debug|Any CPU
		{2C8E23A2-5C67-76CE-516A-27C4BE003C55}.Release|Any CPU.ActiveCfg = Release|Any CPU
		{2C8E23A2-5C67-76CE-516A-27C4BE003C55}.Release|Any CPU.Build.0 = Release|Any CPU
	EndGlobalSection
	GlobalSection(SolutionProperties) = preSolution
		HideSolutionNode = FALSE
	EndGlobalSection
	GlobalSection(ExtensibilityGlobals) = postSolution
		SolutionGuid = {46B3D713-3532-41DE-AED2-361E43FCD826}
	EndGlobalSection
EndGlobal
