Microsoft Visual Studio Solution File, Format Version 12.00
# Visual Studio Version 17
VisualStudioVersion = 17.5.2.0
MinimumVisualStudioVersion = 10.0.40219.1
Project("{FAE04EC0-301F-11D3-BF4B-00C04F79EFBC}") = "FluentCMS.Web.UI.Components", "FluentCMS.Web.UI.Components.csproj", "{78C35196-A150-96AA-1EAD-A54654901EC1}"
EndProject
Global
	GlobalSection(SolutionConfigurationPlatforms) = preSolution
		Debug|Any CPU = Debug|Any CPU
		Release|Any CPU = Release|Any CPU
	EndGlobalSection
	GlobalSection(ProjectConfigurationPlatforms) = postSolution
		{78C35196-A150-96AA-1EAD-A54654901EC1}.Debug|Any CPU.ActiveCfg = Debug|Any CPU
		{78C35196-A150-96AA-1EAD-A54654901EC1}.Debug|Any CPU.Build.0 = Debug|Any CPU
		{78C35196-A150-96AA-1EAD-A54654901EC1}.Release|Any CPU.ActiveCfg = Release|Any CPU
		{78C35196-A150-96AA-1EAD-A54654901EC1}.Release|Any CPU.Build.0 = Release|Any CPU
	EndGlobalSection
	GlobalSection(SolutionProperties) = preSolution
		HideSolutionNode = FALSE
	EndGlobalSection
	GlobalSection(ExtensibilityGlobals) = postSolution
		SolutionGuid = {3BF43B18-7AE2-4255-90AC-11FAA73C6296}
	EndGlobalSection
EndGlobal
