Microsoft Visual Studio Solution File, Format Version 12.00
# Visual Studio Version 17
VisualStudioVersion = 17.5.2.0
MinimumVisualStudioVersion = 10.0.40219.1
Project("{FAE04EC0-301F-11D3-BF4B-00C04F79EFBC}") = "FluentCMS.Api.Plugins.IdentityManagement", "FluentCMS.Api.Plugins.IdentityManagement.csproj", "{EB7A5655-A3C7-74D8-6755-60EB685A3E81}"
EndProject
Global
	GlobalSection(SolutionConfigurationPlatforms) = preSolution
		Debug|Any CPU = Debug|Any CPU
		Release|Any CPU = Release|Any CPU
	EndGlobalSection
	GlobalSection(ProjectConfigurationPlatforms) = postSolution
		{EB7A5655-A3C7-74D8-6755-60EB685A3E81}.Debug|Any CPU.ActiveCfg = Debug|Any CPU
		{EB7A5655-A3C7-74D8-6755-60EB685A3E81}.Debug|Any CPU.Build.0 = Debug|Any CPU
		{EB7A5655-A3C7-74D8-6755-60EB685A3E81}.Release|Any CPU.ActiveCfg = Release|Any CPU
		{EB7A5655-A3C7-74D8-6755-60EB685A3E81}.Release|Any CPU.Build.0 = Release|Any CPU
	EndGlobalSection
	GlobalSection(SolutionProperties) = preSolution
		HideSolutionNode = FALSE
	EndGlobalSection
	GlobalSection(ExtensibilityGlobals) = postSolution
		SolutionGuid = {8B849466-CD7F-4ADC-95E3-0CC6D23904C0}
	EndGlobalSection
EndGlobal
