
Microsoft Visual Studio Solution File, Format Version 12.00
# Visual Studio Version 17
VisualStudioVersion = 17.7.34031.279
MinimumVisualStudioVersion = 10.0.40219.1
Project("{9A19103F-16F7-4668-BE54-9A1E7A4F7556}") = "FluentCMS.Core", "FluentCMS.Core\FluentCMS.Core.csproj", "{4D5CE77A-A7C9-4B26-A9E3-0449DEB67F69}"
EndProject
Project("{9A19103F-16F7-4668-BE54-9A1E7A4F7556}") = "FluentCMS.Repository.LiteDb", "FluentCMS.Repository.LiteDb\FluentCMS.Repository.LiteDb.csproj", "{43F2C6BF-2C35-49EB-9625-99114020DDC7}"
EndProject
Project("{9A19103F-16F7-4668-BE54-9A1E7A4F7556}") = "FluentCMS.Repository.LiteDb.Tests", "FluentCMS.Repository.LiteDb.Tests\FluentCMS.Repository.LiteDb.Tests.csproj", "{F89AFE91-0413-4808-AEF9-5C380B3227E3}"
EndProject
Global
	GlobalSection(SolutionConfigurationPlatforms) = preSolution
		Debug|Any CPU = Debug|Any CPU
		Release|Any CPU = Release|Any CPU
	EndGlobalSection
	GlobalSection(ProjectConfigurationPlatforms) = postSolution
		{4D5CE77A-A7C9-4B26-A9E3-0449DEB67F69}.Debug|Any CPU.ActiveCfg = Debug|Any CPU
		{4D5CE77A-A7C9-4B26-A9E3-0449DEB67F69}.Debug|Any CPU.Build.0 = Debug|Any CPU
		{4D5CE77A-A7C9-4B26-A9E3-0449DEB67F69}.Release|Any CPU.ActiveCfg = Release|Any CPU
		{4D5CE77A-A7C9-4B26-A9E3-0449DEB67F69}.Release|Any CPU.Build.0 = Release|Any CPU
		{43F2C6BF-2C35-49EB-9625-99114020DDC7}.Debug|Any CPU.ActiveCfg = Debug|Any CPU
		{43F2C6BF-2C35-49EB-9625-99114020DDC7}.Debug|Any CPU.Build.0 = Debug|Any CPU
		{43F2C6BF-2C35-49EB-9625-99114020DDC7}.Release|Any CPU.ActiveCfg = Release|Any CPU
		{43F2C6BF-2C35-49EB-9625-99114020DDC7}.Release|Any CPU.Build.0 = Release|Any CPU
		{F89AFE91-0413-4808-AEF9-5C380B3227E3}.Debug|Any CPU.ActiveCfg = Debug|Any CPU
		{F89AFE91-0413-4808-AEF9-5C380B3227E3}.Debug|Any CPU.Build.0 = Debug|Any CPU
		{F89AFE91-0413-4808-AEF9-5C380B3227E3}.Release|Any CPU.ActiveCfg = Release|Any CPU
		{F89AFE91-0413-4808-AEF9-5C380B3227E3}.Release|Any CPU.Build.0 = Release|Any CPU
	EndGlobalSection
	GlobalSection(SolutionProperties) = preSolution
		HideSolutionNode = FALSE
	EndGlobalSection
	GlobalSection(ExtensibilityGlobals) = postSolution
		SolutionGuid = {2E9F4217-7A58-48A4-9850-84CD0CDA31DA}
	EndGlobalSection
EndGlobal
