
Microsoft Visual Studio Solution File, Format Version 12.00
# Visual Studio Version 17
VisualStudioVersion = 17.7.34031.279
MinimumVisualStudioVersion = 10.0.40219.1
Project("{9A19103F-16F7-4668-BE54-9A1E7A4F7556}") = "FluentCMS", "FluentCMS\FluentCMS.csproj", "{2B2327C2-DD1F-446C-AD24-B19883A7A30D}"
EndProject
Project("{2150E333-8FDC-42A3-9474-1A3956D46DE8}") = "Backend", "Backend", "{07500646-19CF-415A-A1E5-0CDFDFE76127}"
EndProject
Project("{2150E333-8FDC-42A3-9474-1A3956D46DE8}") = "Repositories", "Repositories", "{1CC73AD2-CFC9-4FE7-96C0-0E4FEFBB66F1}"
EndProject
Project("{9A19103F-16F7-4668-BE54-9A1E7A4F7556}") = "FluentCMS.Entities", "Backend\FluentCMS.Entities\FluentCMS.Entities.csproj", "{2C9B5E9D-900E-4D82-A576-106FE035CAE1}"
EndProject
Project("{9A19103F-16F7-4668-BE54-9A1E7A4F7556}") = "FluentCMS.Repositories.Abstractions", "Backend\Repositories\FluentCMS.Repositories.Abstractions\FluentCMS.Repositories.Abstractions.csproj", "{F295C81A-BE85-4121-A594-3ECD741DF9E5}"
EndProject
Project("{9A19103F-16F7-4668-BE54-9A1E7A4F7556}") = "FluentCMS.Repositories.LiteDb", "Backend\Repositories\FluentCMS.Repositories.LiteDb\FluentCMS.Repositories.LiteDb.csproj", "{B2A94C28-1A5C-4F75-851A-DFC4A5077FAA}"
EndProject
Project("{9A19103F-16F7-4668-BE54-9A1E7A4F7556}") = "FluentCMS.Repositories.MongoDB", "Backend\Repositories\FluentCMS.Repositories.MongoDB\FluentCMS.Repositories.MongoDB.csproj", "{AB6D5218-A3FE-410F-B729-E4CB2AA54C8F}"
EndProject
Project("{9A19103F-16F7-4668-BE54-9A1E7A4F7556}") = "FluentCMS.Identity", "Backend\FluentCMS.Identity\FluentCMS.Identity.csproj", "{E0873894-C1E6-4933-8519-052C9D53CD32}"
EndProject
Project("{9A19103F-16F7-4668-BE54-9A1E7A4F7556}") = "FluentCMS.Services", "Backend\FluentCMS.Services\FluentCMS.Services.csproj", "{CC105757-549C-418F-B564-8C40111B9C57}"
EndProject
Project("{9A19103F-16F7-4668-BE54-9A1E7A4F7556}") = "FluentCMS.Web.Api", "Backend\FluentCMS.Web.Api\FluentCMS.Web.Api.csproj", "{5A1E21A9-1014-4E1B-B7A5-B9B77ECB7045}"
EndProject
Project("{2150E333-8FDC-42A3-9474-1A3956D46DE8}") = "Frontend", "Frontend", "{5961A5E0-54A6-42F5-92A2-9A9E48DE2878}"
EndProject
Project("{9A19103F-16F7-4668-BE54-9A1E7A4F7556}") = "FluentCMS.Web.ApiClients", "Frontend\FluentCMS.Web.ApiClients\FluentCMS.Web.ApiClients.csproj", "{3751A4FF-ACEC-470F-ABF0-660338EBCF0F}"
EndProject
Project("{9A19103F-16F7-4668-BE54-9A1E7A4F7556}") = "FluentCMS.Web.UI.Components", "Frontend\FluentCMS.Web.UI.Components\FluentCMS.Web.UI.Components.csproj", "{D165FEE4-4EA8-46FE-B5EC-9A3178CAC615}"
EndProject
Project("{9A19103F-16F7-4668-BE54-9A1E7A4F7556}") = "FluentCMS.Web.UI", "Frontend\FluentCMS.Web.UI\FluentCMS.Web.UI.csproj", "{D438CECE-FB91-4E2A-9182-D386222D8C92}"
EndProject
Project("{2150E333-8FDC-42A3-9474-1A3956D46DE8}") = "Plugins", "Plugins", "{BB5FD6A0-0840-4381-AB68-AD61499368ED}"
EndProject
Project("{9A19103F-16F7-4668-BE54-9A1E7A4F7556}") = "FluentCMS.Shared", "FluentCMS.Shared\FluentCMS.Shared.csproj", "{E78B903B-4307-4220-B451-3000ED3E9971}"
EndProject
Project("{9A19103F-16F7-4668-BE54-9A1E7A4F7556}") = "FluentCMS.Web.Plugins.Admin", "Frontend\Plugins\FluentCMS.Web.Plugins.Admin\FluentCMS.Web.Plugins.Admin.csproj", "{70B5742E-C249-4B51-985C-2B4B7BDAB489}"
EndProject
Project("{9A19103F-16F7-4668-BE54-9A1E7A4F7556}") = "FluentCMS.Web.Plugins.TextHTML", "Frontend\Plugins\FluentCMS.Web.Plugins.TextHTML\FluentCMS.Web.Plugins.TextHTML.csproj", "{818F8CD0-5218-4480-A541-BD9D59416CDE}"
EndProject
Project("{9A19103F-16F7-4668-BE54-9A1E7A4F7556}") = "FluentCMS.Web.Plugins.Block", "Frontend\Plugins\FluentCMS.Web.Plugins.Block\FluentCMS.Web.Plugins.Block.csproj", "{9D8B6051-BE99-42E4-B569-43ABA3A9510D}"
EndProject
Project("{2150E333-8FDC-42A3-9474-1A3956D46DE8}") = "Providers", "Providers", "{CA060C96-322D-4410-8D32-0AF5DA8A975C}"
EndProject
Project("{2150E333-8FDC-42A3-9474-1A3956D46DE8}") = "EmailProviders", "EmailProviders", "{0A4945C1-1089-4331-B9F4-2AB98BCB4D39}"
EndProject
Project("{2150E333-8FDC-42A3-9474-1A3956D46DE8}") = "FileStorageProviders", "FileStorageProviders", "{6BF48DBC-42A7-412E-8894-39E61BA7EF8A}"
EndProject
Project("{2150E333-8FDC-42A3-9474-1A3956D46DE8}") = "ApiTokenProviders", "ApiTokenProviders", "{ACD2C7B7-2227-4E25-88F8-8B45BCE89584}"
EndProject
Project("{2150E333-8FDC-42A3-9474-1A3956D46DE8}") = "MessageBusProviders", "MessageBusProviders", "{2FF62DC2-6027-4F9F-A6A9-3DA46D2B88E2}"
EndProject
Project("{9A19103F-16F7-4668-BE54-9A1E7A4F7556}") = "FluentCMS.Providers.ApiTokenProviders.Abstractions", "Providers\ApiTokenProviders\FluentCMS.Providers.ApiTokenProviders.Abstractions\FluentCMS.Providers.ApiTokenProviders.Abstractions.csproj", "{207E4FB5-2614-4E19-B593-C9F1254DF44D}"
EndProject
Project("{9A19103F-16F7-4668-BE54-9A1E7A4F7556}") = "FluentCMS.Providers.ApiTokenProviders", "Providers\ApiTokenProviders\FluentCMS.Providers.ApiTokenProviders\FluentCMS.Providers.ApiTokenProviders.csproj", "{D000CB33-97FD-4074-946B-CED146812CCD}"
EndProject
Project("{9A19103F-16F7-4668-BE54-9A1E7A4F7556}") = "FluentCMS.Providers.EmailProviders.Abstractions", "Providers\EmailProviders\FluentCMS.Providers.EmailProviders.Abstractions\FluentCMS.Providers.EmailProviders.Abstractions.csproj", "{1F36D46A-5D9C-42E5-BC17-44C07A4484B4}"
EndProject
Project("{9A19103F-16F7-4668-BE54-9A1E7A4F7556}") = "FluentCMS.Providers.EmailProviders", "Providers\EmailProviders\FluentCMS.Providers.EmailProviders\FluentCMS.Providers.EmailProviders.csproj", "{A355D8E5-1BA2-4267-BEC5-0F21A8D41B45}"
EndProject
Project("{9A19103F-16F7-4668-BE54-9A1E7A4F7556}") = "FluentCMS.Providers.FileStorageProviders.Abstractions", "Providers\FileStorageProviders\FluentCMS.Providers.FileStorageProviders.Abstractions\FluentCMS.Providers.FileStorageProviders.Abstractions.csproj", "{A0D762CD-19DF-4F35-B4B2-B2171168F00B}"
EndProject
Project("{9A19103F-16F7-4668-BE54-9A1E7A4F7556}") = "FluentCMS.Providers.MessageBusProviders.Abstractions", "Providers\MessageBusProviders\FluentCMS.Providers.MessageBusProviders.Abstractions\FluentCMS.Providers.MessageBusProviders.Abstractions.csproj", "{1ADA3DC1-E56B-4648-AD6D-FE8A166ECAD0}"
EndProject
Project("{9A19103F-16F7-4668-BE54-9A1E7A4F7556}") = "FluentCMS.Providers.MessageBusProviders", "Providers\MessageBusProviders\FluentCMS.Providers.MessageBusProviders\FluentCMS.Providers.MessageBusProviders.csproj", "{F24BF4C8-5E7C-41FE-8E15-1318CEE2F136}"
EndProject
Project("{9A19103F-16F7-4668-BE54-9A1E7A4F7556}") = "FluentCMS.Providers.FileStorageProviders", "Providers\FileStorageProviders\FluentCMS.Providers.FileStorageProviders\FluentCMS.Providers.FileStorageProviders.csproj", "{2673EBC9-E99C-4A3F-AEA1-72FF42DEAD0C}"
EndProject
Project("{9A19103F-16F7-4668-BE54-9A1E7A4F7556}") = "FluentCMS.Web.Plugins.ContentViewer", "Frontend\Plugins\FluentCMS.Web.Plugins.ContentViewer\FluentCMS.Web.Plugins.ContentViewer.csproj", "{2FB1EE8A-F07C-41F6-855C-031CA3346BFA}"
EndProject
Project("{2150E333-8FDC-42A3-9474-1A3956D46DE8}") = "TemplateRenderingProviders", "TemplateRenderingProviders", "{7705739E-5D69-4DF4-8C77-34AD3D991683}"
EndProject
Project("{9A19103F-16F7-4668-BE54-9A1E7A4F7556}") = "FluentCMS.Providers.TemplateRenderingProviders.Abstractions", "Providers\TemplateRenderingProviders\FluentCMS.Providers.TemplateRenderingProviders.Abstractions\FluentCMS.Providers.TemplateRenderingProviders.Abstractions.csproj", "{6238A269-B71B-444D-815C-2CDB340AEEE9}"
EndProject
Project("{9A19103F-16F7-4668-BE54-9A1E7A4F7556}") = "FluentCMS.Providers.TemplateRenderingProviders", "Providers\TemplateRenderingProviders\FluentCMS.Providers.TemplateRenderingProviders\FluentCMS.Providers.TemplateRenderingProviders.csproj", "{6E1E6F02-6930-41C2-B03A-2BE94F167F6F}"
EndProject
Project("{9A19103F-16F7-4668-BE54-9A1E7A4F7556}") = "FluentCMS.Web.Plugins.Base", "Frontend\Plugins\FluentCMS.Web.Plugins.Base\FluentCMS.Web.Plugins.Base.csproj", "{19A3D26D-9ECB-4C0A-AE1C-CE30A13A6A1A}"
EndProject
Project("{9A19103F-16F7-4668-BE54-9A1E7A4F7556}") = "FluentCMS.Repositories.Caching", "Backend\Repositories\FluentCMS.Repositories.Caching\FluentCMS.Repositories.Caching.csproj", "{4D1A89DA-D736-41B5-9AFD-8F30FE5DAA76}"
EndProject
Project("{2150E333-8FDC-42A3-9474-1A3956D46DE8}") = "CacheProviders", "CacheProviders", "{016945AB-5C4D-42A1-81B9-8C12FC6E40E6}"
EndProject
Project("{9A19103F-16F7-4668-BE54-9A1E7A4F7556}") = "FluentCMS.Providers.CacheProviders", "Providers\CacheProviders\FluentCMS.Providers.CacheProviders\FluentCMS.Providers.CacheProviders.csproj", "{6FEFA4A7-CF69-44CD-BD03-AC5C702B7BA0}"
EndProject
Project("{9A19103F-16F7-4668-BE54-9A1E7A4F7556}") = "FluentCMS.Providers.CacheProviders.Abstractions", "Providers\CacheProviders\FluentCMS.Providers.CacheProviders.Abstractions\FluentCMS.Providers.CacheProviders.Abstractions.csproj", "{97999608-B9AD-46B4-AF10-311B109A90BE}"
EndProject
Project("{9A19103F-16F7-4668-BE54-9A1E7A4F7556}") = "FluentCMS.Web.Plugins.IFrame", "Frontend\Plugins\FluentCMS.Web.Plugins.IFrame\FluentCMS.Web.Plugins.IFrame.csproj", "{73B6E291-89AA-4EB7-BE38-C5884BAAB248}"
EndProject
Project("{9A19103F-16F7-4668-BE54-9A1E7A4F7556}") = "FluentCMS.Web.Plugins.RichText", "Frontend\Plugins\FluentCMS.Web.Plugins.RichText\FluentCMS.Web.Plugins.RichText.csproj", "{F7CEDDC1-BA59-4B75-8B3E-6D2AB99E11EB}"
EndProject
Project("{FAE04EC0-301F-11D3-BF4B-00C04F79EFBC}") = "FluentCMS.Repositories.EFCore", "Backend\Repositories\FluentCMS.Repositories.EFCore\FluentCMS.Repositories.EFCore.csproj", "{D7672307-B219-493C-B083-897534F7A6FA}"
EndProject
Project("{FAE04EC0-301F-11D3-BF4B-00C04F79EFBC}") = "FluentCMS.Web.Plugins.ContactUs", "Frontend\Plugins\FluentCMS.Web.Plugins.ContactUs\FluentCMS.Web.Plugins.ContactUs.csproj", "{D32484B4-BB1D-46F9-9F81-20DE4673F922}"
EndProject
Project("{FAE04EC0-301F-11D3-BF4B-00C04F79EFBC}") = "FluentCMS.Repositories.EFCore.SqlServer", "Backend\Repositories\FluentCMS.Repositories.EFCore.SqlServer\FluentCMS.Repositories.EFCore.SqlServer.csproj", "{6E78A183-5E79-4CC4-A515-9A98B425A485}"
EndProject
Project("{FAE04EC0-301F-11D3-BF4B-00C04F79EFBC}") = "FluentCMS.Repositories.EFCore.MySql", "Backend\Repositories\FluentCMS.Repositories.EFCore.MySql\FluentCMS.Repositories.EFCore.MySql.csproj", "{8E46C73B-D442-489F-B313-CD26F3C1F2DF}"
EndProject
Project("{FAE04EC0-301F-11D3-BF4B-00C04F79EFBC}") = "FluentCMS.Repositories.EFCore.PostgreSQL", "Backend\Repositories\FluentCMS.Repositories.EFCore.PostgreSQL\FluentCMS.Repositories.EFCore.PostgreSQL.csproj", "{E4350BBB-204F-4FD1-A187-7C8381860831}"
EndProject
Project("{FAE04EC0-301F-11D3-BF4B-00C04F79EFBC}") = "FluentCMS.Repositories.EFCore.Sqlite", "Backend\Repositories\FluentCMS.Repositories.EFCore.Sqlite\FluentCMS.Repositories.EFCore.Sqlite.csproj", "{1914FAAB-9B86-4B76-90CA-E16D3C8984FC}"
EndProject
Project("{FAE04EC0-301F-11D3-BF4B-00C04F79EFBC}") = "FluentCMS.Web.UI.TailwindStyleBuilder", "Frontend\FluentCMS.Web.UI.TailwindStyleBuilder\FluentCMS.Web.UI.TailwindStyleBuilder.csproj", "{9A614AAB-D386-4D5F-971B-33BA9E820AF8}"
EndProject
Project("{2150E333-8FDC-42A3-9474-1A3956D46DE8}") = "Api", "Api", "{02EA681E-C7D8-13C7-8484-4AC65E1B71E8}"
EndProject
Project("{2150E333-8FDC-42A3-9474-1A3956D46DE8}") = "Plugins", "Plugins", "{BA962DC1-64AB-4F30-A69C-DABFE345845B}"
EndProject
Project("{2150E333-8FDC-42A3-9474-1A3956D46DE8}") = "Infrastructure", "Infrastructure", "{B0A6723E-1174-4910-80EB-21115987F7FA}"
EndProject
Project("{2150E333-8FDC-42A3-9474-1A3956D46DE8}") = "Configuration", "Configuration", "{21D28C02-FDEC-4000-A577-0DC0044695F1}"
EndProject
Project("{2150E333-8FDC-42A3-9474-1A3956D46DE8}") = "EventBus", "EventBus", "{A387EFCC-4699-4B0D-A746-DA1AD9A8436C}"
EndProject
Project("{2150E333-8FDC-42A3-9474-1A3956D46DE8}") = "Logging", "Logging", "{EA576F86-1768-4F9E-97A6-D1958DB5D5D8}"
EndProject
Project("{2150E333-8FDC-42A3-9474-1A3956D46DE8}") = "Plugins", "Plugins", "{1DD25842-EF3F-424C-8A6F-20D8E7E52903}"
EndProject
Project("{2150E333-8FDC-42A3-9474-1A3956D46DE8}") = "Providers", "Providers", "{FAD9614B-30FC-45B6-B8FC-999550277451}"
EndProject
Project("{2150E333-8FDC-42A3-9474-1A3956D46DE8}") = "Repositories", "Repositories", "{828DDB94-C720-4840-A31F-EAD0A76C90C4}"
EndProject
Project("{FAE04EC0-301F-11D3-BF4B-00C04F79EFBC}") = "FluentCMS.Infrastructure.Configuration", "Infrastructure\Configuration\FluentCMS.Infrastructure.Configuration\FluentCMS.Infrastructure.Configuration.csproj", "{D8CBF2CD-B0F4-6CB4-15A7-BA1BD59CDBF4}"
EndProject
Project("{FAE04EC0-301F-11D3-BF4B-00C04F79EFBC}") = "FluentCMS.Infrastructure.Configuration.EntityFramework", "Infrastructure\Configuration\FluentCMS.Infrastructure.Configuration.EntityFramework\FluentCMS.Infrastructure.Configuration.EntityFramework.csproj", "{59BD7D9B-0B9F-85A5-04CD-E0070CD2DACE}"
EndProject
Project("{FAE04EC0-301F-11D3-BF4B-00C04F79EFBC}") = "FluentCMS.Infrastructure.Configuration.EntityFramework.Sqlite", "Infrastructure\Configuration\FluentCMS.Infrastructure.Configuration.EntityFramework.Sqlite\FluentCMS.Infrastructure.Configuration.EntityFramework.Sqlite.csproj", "{5EF7CDAE-D226-0F26-D4ED-9D4C22BBA85C}"
EndProject
Project("{FAE04EC0-301F-11D3-BF4B-00C04F79EFBC}") = "FluentCMS.Infrastructure.Configuration.EntityFramework.SqlServer", "Infrastructure\Configuration\FluentCMS.Infrastructure.Configuration.EntityFramework.SqlServer\FluentCMS.Infrastructure.Configuration.EntityFramework.SqlServer.csproj", "{AAE0CF70-4CDD-150B-6B97-C959E47B3E63}"
EndProject
Project("{FAE04EC0-301F-11D3-BF4B-00C04F79EFBC}") = "FluentCMS.Infrastructure.EventBus", "Infrastructure\EventBus\FluentCMS.Infrastructure.EventBus\FluentCMS.Infrastructure.EventBus.csproj", "{EBA73883-7AF9-33DD-4189-6DEEB662F8A2}"
EndProject
Project("{FAE04EC0-301F-11D3-BF4B-00C04F79EFBC}") = "FluentCMS.Infrastructure.EventBus.InMemory", "Infrastructure\EventBus\FluentCMS.Infrastructure.EventBus.InMemory\FluentCMS.Infrastructure.EventBus.InMemory.csproj", "{56C6CE69-4ACB-2592-96A4-B40E75A9B9A9}"
EndProject
Project("{FAE04EC0-301F-11D3-BF4B-00C04F79EFBC}") = "FluentCMS.Infrastructure.Logging", "Infrastructure\Logging\FluentCMS.Infrastructure.Logging\FluentCMS.Infrastructure.Logging.csproj", "{39E61FAC-46C4-BE17-3B6A-20D56FA33332}"
EndProject
Project("{FAE04EC0-301F-11D3-BF4B-00C04F79EFBC}") = "FluentCMS.Infrastructure.Plugins", "Infrastructure\Plugins\FluentCMS.Infrastructure.Plugins\FluentCMS.Infrastructure.Plugins.csproj", "{7B26BC75-6F05-7BD9-163B-EAC375C08347}"
EndProject
Project("{FAE04EC0-301F-11D3-BF4B-00C04F79EFBC}") = "FluentCMS.Infrastructure.Plugins.Abstractions", "Infrastructure\Plugins\FluentCMS.Infrastructure.Plugins.Abstractions\FluentCMS.Infrastructure.Plugins.Abstractions.csproj", "{FCE700DE-1DEE-6E18-78FE-C56DF272F985}"
EndProject
Project("{FAE04EC0-301F-11D3-BF4B-00C04F79EFBC}") = "FluentCMS.Infrastructure.Repositories", "Infrastructure\Repositories\FluentCMS.Infrastructure.Repositories\FluentCMS.Infrastructure.Repositories.csproj", "{6A6C753A-1754-F1E9-36DE-81120AFA42D1}"
EndProject
Project("{FAE04EC0-301F-11D3-BF4B-00C04F79EFBC}") = "FluentCMS.Infrastructure.Repositories.EntityFramework", "Infrastructure\Repositories\FluentCMS.Infrastructure.Repositories.EntityFramework\FluentCMS.Infrastructure.Repositories.EntityFramework.csproj", "{571212F3-24D8-DE61-59CB-6FAD4E6195AB}"
EndProject
Project("{FAE04EC0-301F-11D3-BF4B-00C04F79EFBC}") = "FluentCMS.Infrastructure.Repositories.EntityFramework.Sqlite", "Infrastructure\Repositories\FluentCMS.Infrastructure.Repositories.EntityFramework.Sqlite\FluentCMS.Infrastructure.Repositories.EntityFramework.Sqlite.csproj", "{B3F64D86-E7DA-1E15-21C8-E4A5A3F49F40}"
EndProject
Project("{FAE04EC0-301F-11D3-BF4B-00C04F79EFBC}") = "FluentCMS.Infrastructure.Repositories.EntityFramework.SqlServer", "Infrastructure\Repositories\FluentCMS.Infrastructure.Repositories.EntityFramework.SqlServer\FluentCMS.Infrastructure.Repositories.EntityFramework.SqlServer.csproj", "{F6C66504-26B0-BB42-5C91-3BF2BC951466}"
EndProject
Project("{2150E333-8FDC-42A3-9474-1A3956D46DE8}") = "Providers", "Providers", "{288324AC-A0E3-4E47-91CA-8A5E4D74793C}"
EndProject
Project("{2150E333-8FDC-42A3-9474-1A3956D46DE8}") = "Caching", "Caching", "{FA92F40A-58C5-4D26-83F7-F546A6CA1FEB}"
EndProject
Project("{2150E333-8FDC-42A3-9474-1A3956D46DE8}") = "Email", "Email", "{E379E6AA-AD2D-445F-B20C-C0B0DB87E3AD}"
EndProject
Project("{FAE04EC0-301F-11D3-BF4B-00C04F79EFBC}") = "FluentCMS.Api.Plugins.AuditTrailManagement", "Api\Plugins\FluentCMS.Api.Plugins.AuditTrailManagement\FluentCMS.Api.Plugins.AuditTrailManagement.csproj", "{303A99E8-8CC9-D474-A06B-A597CEE3D842}"
EndProject
Project("{FAE04EC0-301F-11D3-BF4B-00C04F79EFBC}") = "FluentCMS.Api.Plugins.TodoManagement", "Api\Plugins\FluentCMS.Api.Plugins.TodoManagement\FluentCMS.Api.Plugins.TodoManagement.csproj", "{9890AC1A-CE50-F1CA-5EB6-ED7BEFB0E6DC}"
EndProject
Project("{FAE04EC0-301F-11D3-BF4B-00C04F79EFBC}") = "FluentCMS.Api", "Api\FluentCMS.Api\FluentCMS.Api.csproj", "{72783895-DC6F-5E70-2F71-0ECFC9336CCF}"
EndProject
Project("{FAE04EC0-301F-11D3-BF4B-00C04F79EFBC}") = "FluentCMS.Api.Providers.Caching.Abstractions", "Api\Providers\Caching\FluentCMS.Api.Providers.Caching.Abstractions\FluentCMS.Api.Providers.Caching.Abstractions.csproj", "{AD707426-D5AC-C286-0E72-A49A90AFAC46}"
EndProject
Project("{FAE04EC0-301F-11D3-BF4B-00C04F79EFBC}") = "FluentCMS.Api.Providers.Caching.InMemory", "Api\Providers\Caching\FluentCMS.Api.Providers.Caching.InMemory\FluentCMS.Api.Providers.Caching.InMemory.csproj", "{ECF6743B-5E7C-38BB-C296-7D4361F4DD89}"
EndProject
Project("{FAE04EC0-301F-11D3-BF4B-00C04F79EFBC}") = "FluentCMS.Api.Providers.Email.Abstractions", "Api\Providers\Email\FluentCMS.Api.Providers.Email.Abstractions\FluentCMS.Api.Providers.Email.Abstractions.csproj", "{9EBC51CF-FDE7-C460-EB26-48F4E1715172}"
EndProject
Project("{FAE04EC0-301F-11D3-BF4B-00C04F79EFBC}") = "FluentCMS.Api.Providers.Email.Null", "Api\Providers\Email\FluentCMS.Api.Providers.Email.Null\FluentCMS.Api.Providers.Email.Null.csproj", "{0256FE72-A5AB-45F5-10F3-79F83B8E97F2}"
EndProject
Project("{FAE04EC0-301F-11D3-BF4B-00C04F79EFBC}") = "FluentCMS.Api.Providers.Email.Smtp", "Api\Providers\Email\FluentCMS.Api.Providers.Email.Smtp\FluentCMS.Api.Providers.Email.Smtp.csproj", "{F4444ED7-998F-AF4A-958F-C742FE7DF113}"
EndProject
Project("{FAE04EC0-301F-11D3-BF4B-00C04F79EFBC}") = "FluentCMS.Infrastructure.Providers", "Infrastructure\Providers\FluentCMS.Infrastructure.Providers\FluentCMS.Infrastructure.Providers.csproj", "{3FA7AF10-5393-3BC8-5FFB-BA4EB5BA21A9}"
EndProject
Project("{FAE04EC0-301F-11D3-BF4B-00C04F79EFBC}") = "FluentCMS.Infrastructure.Providers.Abstractions", "Infrastructure\Providers\FluentCMS.Infrastructure.Providers.Abstractions\FluentCMS.Infrastructure.Providers.Abstractions.csproj", "{23FE701D-30D6-0DDD-AD57-5390107D6039}"
EndProject
Project("{FAE04EC0-301F-11D3-BF4B-00C04F79EFBC}") = "FluentCMS.Infrastructure.Providers.Repositories.EntityFramework", "Infrastructure\Providers\FluentCMS.Infrastructure.Providers.Repositories.EntityFramework\FluentCMS.Infrastructure.Providers.Repositories.EntityFramework.csproj", "{7CF175EA-00D6-96C7-3977-65A35392ABBA}"
EndProject
Project("{FAE04EC0-301F-11D3-BF4B-00C04F79EFBC}") = "FluentCMS.Api.Core.Models", "Api\Core\FluentCMS.Api.Core.Models\FluentCMS.Api.Core.Models.csproj", "{545C5228-7BF9-461D-98FD-A71234E3A12E}"
EndProject
Project("{2150E333-8FDC-42A3-9474-1A3956D46DE8}") = "Core", "Core", "{C508492D-AFD0-4F05-BF5F-22302EAF3E1F}"
EndProject
Project("{FAE04EC0-301F-11D3-BF4B-00C04F79EFBC}") = "FluentCMS.Api.Core.Repositories.Abstractions", "Api\Core\FluentCMS.Api.Core.Repositories.Abstractions\FluentCMS.Api.Core.Repositories.Abstractions.csproj", "{262184A4-1177-4D2E-BED9-A21CF7A33C67}"
EndProject
Project("{FAE04EC0-301F-11D3-BF4B-00C04F79EFBC}") = "FluentCMS.Api.Core.Repositories.EntityFramework", "Api\Core\FluentCMS.Api.Core.Repositories.EntityFramework\FluentCMS.Api.Core.Repositories.EntityFramework.csproj", "{87C9B6DD-C988-46DB-A320-DCC97C48B9A4}"
EndProject
Project("{FAE04EC0-301F-11D3-BF4B-00C04F79EFBC}") = "FluentCMS.Api.Core.Services", "Api\Core\FluentCMS.Api.Core.Services\FluentCMS.Api.Core.Services.csproj", "{2F3592B6-A976-4C06-A624-6D23F0CC8F2D}"
EndProject
Project("{2150E333-8FDC-42A3-9474-1A3956D46DE8}") = "Exceptions", "Exceptions", "{8CF40340-AF5F-4107-BE3B-BB30F5EB5A0F}"
EndProject
Project("{FAE04EC0-301F-11D3-BF4B-00C04F79EFBC}") = "FluentCMS.Infrastructure.Exceptions", "Infrastructure\Exceptions\FluentCMS.Infrastructure.Exceptions\FluentCMS.Infrastructure.Exceptions.csproj", "{55676068-39D9-406F-9024-55A9C53AC29E}"
EndProject
Project("{2150E333-8FDC-42A3-9474-1A3956D46DE8}") = "FileStorage", "FileStorage", "{3750CB2C-EFFC-4FE6-A0A6-95BD0B76ACB2}"
EndProject
Project("{FAE04EC0-301F-11D3-BF4B-00C04F79EFBC}") = "FluentCMS.Api.Providers.FileStorage.Abstractions", "Api\Providers\FileStorage\FluentCMS.Api.Providers.FileStorage.Abstractions\FluentCMS.Api.Providers.FileStorage.Abstractions.csproj", "{E7A08F46-BC6B-45CF-8BD6-983F53F8E6C1}"
EndProject
Project("{FAE04EC0-301F-11D3-BF4B-00C04F79EFBC}") = "FluentCMS.Api.Providers.FileStorage.LocalStorage", "Api\Providers\FileStorage\FluentCMS.Api.Providers.FileStorage.LocalStorage\FluentCMS.Api.Providers.FileStorage.LocalStorage.csproj", "{565088BE-70DA-4535-9CBC-A3E184F60D30}"
EndProject
Project("{2150E333-8FDC-42A3-9474-1A3956D46DE8}") = "Common", "Common", "{597BB087-4F64-4762-AAB4-F4138E9A25D7}"
EndProject
Project("{FAE04EC0-301F-11D3-BF4B-00C04F79EFBC}") = "FluentCMS.Infrastructure.Common", "Infrastructure\Common\FluentCMS.Infrastructure.Common\FluentCMS.Infrastructure.Common.csproj", "{30CBC268-DB26-4DF8-ADC0-F957BBCED77B}"
EndProject
Project("{FAE04EC0-301F-11D3-BF4B-00C04F79EFBC}") = "FluentCMS.Api.Plugins.IdentityManagement", "Api\Plugins\FluentCMS.Api.Plugins.IdentityManagement\FluentCMS.Api.Plugins.IdentityManagement.csproj", "{10056CD7-13C8-4B12-9951-D0C7F87F5FBD}"
EndProject
Project("{FAE04EC0-301F-11D3-BF4B-00C04F79EFBC}") = "FluentCMS.Api.Core.Events", "Api\Core\FluentCMS.Api.Core.Events\FluentCMS.Api.Core.Events.csproj", "{8057D823-AF47-475D-9EE3-008FE1830A3E}"
EndProject
Project("{FAE04EC0-301F-11D3-BF4B-00C04F79EFBC}") = "FluentCMS.Api.Plugins.OpenApiDocumentation", "Api\Plugins\FluentCMS.Api.Plugins.OpenApiDocumentation\FluentCMS.Api.Plugins.OpenApiDocumentation.csproj", "{A46F4BCC-C24A-4B7A-AB14-E6815F53B5DB}"
EndProject
Project("{FAE04EC0-301F-11D3-BF4B-00C04F79EFBC}") = "FluentCMS.Api.Core", "Api\Core\FluentCMS.Api.Core\FluentCMS.Api.Core.csproj", "{2198C4C2-7E6D-4936-BB37-FF90AD626CCF}"
EndProject
Project("{FAE04EC0-301F-11D3-BF4B-00C04F79EFBC}") = "FluentCMS.Api.Plugins.CmsCoreManagement", "Api\Plugins\FluentCMS.Api.Plugins.CmsCoreManagement\FluentCMS.Api.Plugins.CmsCoreManagement.csproj", "{F1016288-2279-471B-90F0-5F584883FD2A}"
EndProject
Project("{2150E333-8FDC-42A3-9474-1A3956D46DE8}") = "UI", "UI", "{F40F4AFA-1FF0-484C-A27F-0E00FCC5D638}"
EndProject
Project("{FAE04EC0-301F-11D3-BF4B-00C04F79EFBC}") = "FluentCMS.Web.UI.Components", "UI\FluentCMS.Web.UI.Components\FluentCMS.Web.UI.Components.csproj", "{62BE2AB5-64E3-4F42-B65E-DBAF82C67FAE}"
EndProject
Project("{FAE04EC0-301F-11D3-BF4B-00C04F79EFBC}") = "TestApp", "UI\TestApp\TestApp.csproj", "{F7295900-404E-470D-94C5-8BB07E85FA85}"
EndProject
Global
	GlobalSection(SolutionConfigurationPlatforms) = preSolution
		Debug|Any CPU = Debug|Any CPU
		Release|Any CPU = Release|Any CPU
	EndGlobalSection
	GlobalSection(ProjectConfigurationPlatforms) = postSolution
		{2B2327C2-DD1F-446C-AD24-B19883A7A30D}.Debug|Any CPU.ActiveCfg = Debug|Any CPU
		{2B2327C2-DD1F-446C-AD24-B19883A7A30D}.Debug|Any CPU.Build.0 = Debug|Any CPU
		{2B2327C2-DD1F-446C-AD24-B19883A7A30D}.Release|Any CPU.ActiveCfg = Release|Any CPU
		{2B2327C2-DD1F-446C-AD24-B19883A7A30D}.Release|Any CPU.Build.0 = Release|Any CPU
		{2C9B5E9D-900E-4D82-A576-106FE035CAE1}.Debug|Any CPU.ActiveCfg = Debug|Any CPU
		{2C9B5E9D-900E-4D82-A576-106FE035CAE1}.Debug|Any CPU.Build.0 = Debug|Any CPU
		{2C9B5E9D-900E-4D82-A576-106FE035CAE1}.Release|Any CPU.ActiveCfg = Release|Any CPU
		{2C9B5E9D-900E-4D82-A576-106FE035CAE1}.Release|Any CPU.Build.0 = Release|Any CPU
		{F295C81A-BE85-4121-A594-3ECD741DF9E5}.Debug|Any CPU.ActiveCfg = Debug|Any CPU
		{F295C81A-BE85-4121-A594-3ECD741DF9E5}.Debug|Any CPU.Build.0 = Debug|Any CPU
		{F295C81A-BE85-4121-A594-3ECD741DF9E5}.Release|Any CPU.ActiveCfg = Release|Any CPU
		{F295C81A-BE85-4121-A594-3ECD741DF9E5}.Release|Any CPU.Build.0 = Release|Any CPU
		{B2A94C28-1A5C-4F75-851A-DFC4A5077FAA}.Debug|Any CPU.ActiveCfg = Debug|Any CPU
		{B2A94C28-1A5C-4F75-851A-DFC4A5077FAA}.Debug|Any CPU.Build.0 = Debug|Any CPU
		{B2A94C28-1A5C-4F75-851A-DFC4A5077FAA}.Release|Any CPU.ActiveCfg = Release|Any CPU
		{B2A94C28-1A5C-4F75-851A-DFC4A5077FAA}.Release|Any CPU.Build.0 = Release|Any CPU
		{AB6D5218-A3FE-410F-B729-E4CB2AA54C8F}.Debug|Any CPU.ActiveCfg = Debug|Any CPU
		{AB6D5218-A3FE-410F-B729-E4CB2AA54C8F}.Debug|Any CPU.Build.0 = Debug|Any CPU
		{AB6D5218-A3FE-410F-B729-E4CB2AA54C8F}.Release|Any CPU.ActiveCfg = Release|Any CPU
		{AB6D5218-A3FE-410F-B729-E4CB2AA54C8F}.Release|Any CPU.Build.0 = Release|Any CPU
		{E0873894-C1E6-4933-8519-052C9D53CD32}.Debug|Any CPU.ActiveCfg = Debug|Any CPU
		{E0873894-C1E6-4933-8519-052C9D53CD32}.Debug|Any CPU.Build.0 = Debug|Any CPU
		{E0873894-C1E6-4933-8519-052C9D53CD32}.Release|Any CPU.ActiveCfg = Release|Any CPU
		{E0873894-C1E6-4933-8519-052C9D53CD32}.Release|Any CPU.Build.0 = Release|Any CPU
		{CC105757-549C-418F-B564-8C40111B9C57}.Debug|Any CPU.ActiveCfg = Debug|Any CPU
		{CC105757-549C-418F-B564-8C40111B9C57}.Debug|Any CPU.Build.0 = Debug|Any CPU
		{CC105757-549C-418F-B564-8C40111B9C57}.Release|Any CPU.ActiveCfg = Release|Any CPU
		{CC105757-549C-418F-B564-8C40111B9C57}.Release|Any CPU.Build.0 = Release|Any CPU
		{5A1E21A9-1014-4E1B-B7A5-B9B77ECB7045}.Debug|Any CPU.ActiveCfg = Debug|Any CPU
		{5A1E21A9-1014-4E1B-B7A5-B9B77ECB7045}.Debug|Any CPU.Build.0 = Debug|Any CPU
		{5A1E21A9-1014-4E1B-B7A5-B9B77ECB7045}.Release|Any CPU.ActiveCfg = Release|Any CPU
		{5A1E21A9-1014-4E1B-B7A5-B9B77ECB7045}.Release|Any CPU.Build.0 = Release|Any CPU
		{3751A4FF-ACEC-470F-ABF0-660338EBCF0F}.Debug|Any CPU.ActiveCfg = Debug|Any CPU
		{3751A4FF-ACEC-470F-ABF0-660338EBCF0F}.Debug|Any CPU.Build.0 = Debug|Any CPU
		{3751A4FF-ACEC-470F-ABF0-660338EBCF0F}.Release|Any CPU.ActiveCfg = Release|Any CPU
		{3751A4FF-ACEC-470F-ABF0-660338EBCF0F}.Release|Any CPU.Build.0 = Release|Any CPU
		{D165FEE4-4EA8-46FE-B5EC-9A3178CAC615}.Debug|Any CPU.ActiveCfg = Debug|Any CPU
		{D165FEE4-4EA8-46FE-B5EC-9A3178CAC615}.Debug|Any CPU.Build.0 = Debug|Any CPU
		{D165FEE4-4EA8-46FE-B5EC-9A3178CAC615}.Release|Any CPU.ActiveCfg = Release|Any CPU
		{D165FEE4-4EA8-46FE-B5EC-9A3178CAC615}.Release|Any CPU.Build.0 = Release|Any CPU
		{D438CECE-FB91-4E2A-9182-D386222D8C92}.Debug|Any CPU.ActiveCfg = Debug|Any CPU
		{D438CECE-FB91-4E2A-9182-D386222D8C92}.Debug|Any CPU.Build.0 = Debug|Any CPU
		{D438CECE-FB91-4E2A-9182-D386222D8C92}.Release|Any CPU.ActiveCfg = Release|Any CPU
		{D438CECE-FB91-4E2A-9182-D386222D8C92}.Release|Any CPU.Build.0 = Release|Any CPU
		{E78B903B-4307-4220-B451-3000ED3E9971}.Debug|Any CPU.ActiveCfg = Debug|Any CPU
		{E78B903B-4307-4220-B451-3000ED3E9971}.Debug|Any CPU.Build.0 = Debug|Any CPU
		{E78B903B-4307-4220-B451-3000ED3E9971}.Release|Any CPU.ActiveCfg = Release|Any CPU
		{E78B903B-4307-4220-B451-3000ED3E9971}.Release|Any CPU.Build.0 = Release|Any CPU
		{70B5742E-C249-4B51-985C-2B4B7BDAB489}.Debug|Any CPU.ActiveCfg = Debug|Any CPU
		{70B5742E-C249-4B51-985C-2B4B7BDAB489}.Debug|Any CPU.Build.0 = Debug|Any CPU
		{70B5742E-C249-4B51-985C-2B4B7BDAB489}.Release|Any CPU.ActiveCfg = Release|Any CPU
		{70B5742E-C249-4B51-985C-2B4B7BDAB489}.Release|Any CPU.Build.0 = Release|Any CPU
		{818F8CD0-5218-4480-A541-BD9D59416CDE}.Debug|Any CPU.ActiveCfg = Debug|Any CPU
		{818F8CD0-5218-4480-A541-BD9D59416CDE}.Debug|Any CPU.Build.0 = Debug|Any CPU
		{818F8CD0-5218-4480-A541-BD9D59416CDE}.Release|Any CPU.ActiveCfg = Release|Any CPU
		{818F8CD0-5218-4480-A541-BD9D59416CDE}.Release|Any CPU.Build.0 = Release|Any CPU
		{9D8B6051-BE99-42E4-B569-43ABA3A9510D}.Debug|Any CPU.ActiveCfg = Debug|Any CPU
		{9D8B6051-BE99-42E4-B569-43ABA3A9510D}.Debug|Any CPU.Build.0 = Debug|Any CPU
		{9D8B6051-BE99-42E4-B569-43ABA3A9510D}.Release|Any CPU.ActiveCfg = Release|Any CPU
		{9D8B6051-BE99-42E4-B569-43ABA3A9510D}.Release|Any CPU.Build.0 = Release|Any CPU
		{207E4FB5-2614-4E19-B593-C9F1254DF44D}.Debug|Any CPU.ActiveCfg = Debug|Any CPU
		{207E4FB5-2614-4E19-B593-C9F1254DF44D}.Debug|Any CPU.Build.0 = Debug|Any CPU
		{207E4FB5-2614-4E19-B593-C9F1254DF44D}.Release|Any CPU.ActiveCfg = Release|Any CPU
		{207E4FB5-2614-4E19-B593-C9F1254DF44D}.Release|Any CPU.Build.0 = Release|Any CPU
		{D000CB33-97FD-4074-946B-CED146812CCD}.Debug|Any CPU.ActiveCfg = Debug|Any CPU
		{D000CB33-97FD-4074-946B-CED146812CCD}.Debug|Any CPU.Build.0 = Debug|Any CPU
		{D000CB33-97FD-4074-946B-CED146812CCD}.Release|Any CPU.ActiveCfg = Release|Any CPU
		{D000CB33-97FD-4074-946B-CED146812CCD}.Release|Any CPU.Build.0 = Release|Any CPU
		{1F36D46A-5D9C-42E5-BC17-44C07A4484B4}.Debug|Any CPU.ActiveCfg = Debug|Any CPU
		{1F36D46A-5D9C-42E5-BC17-44C07A4484B4}.Debug|Any CPU.Build.0 = Debug|Any CPU
		{1F36D46A-5D9C-42E5-BC17-44C07A4484B4}.Release|Any CPU.ActiveCfg = Release|Any CPU
		{1F36D46A-5D9C-42E5-BC17-44C07A4484B4}.Release|Any CPU.Build.0 = Release|Any CPU
		{A355D8E5-1BA2-4267-BEC5-0F21A8D41B45}.Debug|Any CPU.ActiveCfg = Debug|Any CPU
		{A355D8E5-1BA2-4267-BEC5-0F21A8D41B45}.Debug|Any CPU.Build.0 = Debug|Any CPU
		{A355D8E5-1BA2-4267-BEC5-0F21A8D41B45}.Release|Any CPU.ActiveCfg = Release|Any CPU
		{A355D8E5-1BA2-4267-BEC5-0F21A8D41B45}.Release|Any CPU.Build.0 = Release|Any CPU
		{A0D762CD-19DF-4F35-B4B2-B2171168F00B}.Debug|Any CPU.ActiveCfg = Debug|Any CPU
		{A0D762CD-19DF-4F35-B4B2-B2171168F00B}.Debug|Any CPU.Build.0 = Debug|Any CPU
		{A0D762CD-19DF-4F35-B4B2-B2171168F00B}.Release|Any CPU.ActiveCfg = Release|Any CPU
		{A0D762CD-19DF-4F35-B4B2-B2171168F00B}.Release|Any CPU.Build.0 = Release|Any CPU
		{1ADA3DC1-E56B-4648-AD6D-FE8A166ECAD0}.Debug|Any CPU.ActiveCfg = Debug|Any CPU
		{1ADA3DC1-E56B-4648-AD6D-FE8A166ECAD0}.Debug|Any CPU.Build.0 = Debug|Any CPU
		{1ADA3DC1-E56B-4648-AD6D-FE8A166ECAD0}.Release|Any CPU.ActiveCfg = Release|Any CPU
		{1ADA3DC1-E56B-4648-AD6D-FE8A166ECAD0}.Release|Any CPU.Build.0 = Release|Any CPU
		{F24BF4C8-5E7C-41FE-8E15-1318CEE2F136}.Debug|Any CPU.ActiveCfg = Debug|Any CPU
		{F24BF4C8-5E7C-41FE-8E15-1318CEE2F136}.Debug|Any CPU.Build.0 = Debug|Any CPU
		{F24BF4C8-5E7C-41FE-8E15-1318CEE2F136}.Release|Any CPU.ActiveCfg = Release|Any CPU
		{F24BF4C8-5E7C-41FE-8E15-1318CEE2F136}.Release|Any CPU.Build.0 = Release|Any CPU
		{2673EBC9-E99C-4A3F-AEA1-72FF42DEAD0C}.Debug|Any CPU.ActiveCfg = Debug|Any CPU
		{2673EBC9-E99C-4A3F-AEA1-72FF42DEAD0C}.Debug|Any CPU.Build.0 = Debug|Any CPU
		{2673EBC9-E99C-4A3F-AEA1-72FF42DEAD0C}.Release|Any CPU.ActiveCfg = Release|Any CPU
		{2673EBC9-E99C-4A3F-AEA1-72FF42DEAD0C}.Release|Any CPU.Build.0 = Release|Any CPU
		{2FB1EE8A-F07C-41F6-855C-031CA3346BFA}.Debug|Any CPU.ActiveCfg = Debug|Any CPU
		{2FB1EE8A-F07C-41F6-855C-031CA3346BFA}.Debug|Any CPU.Build.0 = Debug|Any CPU
		{2FB1EE8A-F07C-41F6-855C-031CA3346BFA}.Release|Any CPU.ActiveCfg = Release|Any CPU
		{2FB1EE8A-F07C-41F6-855C-031CA3346BFA}.Release|Any CPU.Build.0 = Release|Any CPU
		{6238A269-B71B-444D-815C-2CDB340AEEE9}.Debug|Any CPU.ActiveCfg = Debug|Any CPU
		{6238A269-B71B-444D-815C-2CDB340AEEE9}.Debug|Any CPU.Build.0 = Debug|Any CPU
		{6238A269-B71B-444D-815C-2CDB340AEEE9}.Release|Any CPU.ActiveCfg = Release|Any CPU
		{6238A269-B71B-444D-815C-2CDB340AEEE9}.Release|Any CPU.Build.0 = Release|Any CPU
		{6E1E6F02-6930-41C2-B03A-2BE94F167F6F}.Debug|Any CPU.ActiveCfg = Debug|Any CPU
		{6E1E6F02-6930-41C2-B03A-2BE94F167F6F}.Debug|Any CPU.Build.0 = Debug|Any CPU
		{6E1E6F02-6930-41C2-B03A-2BE94F167F6F}.Release|Any CPU.ActiveCfg = Release|Any CPU
		{6E1E6F02-6930-41C2-B03A-2BE94F167F6F}.Release|Any CPU.Build.0 = Release|Any CPU
		{19A3D26D-9ECB-4C0A-AE1C-CE30A13A6A1A}.Debug|Any CPU.ActiveCfg = Debug|Any CPU
		{19A3D26D-9ECB-4C0A-AE1C-CE30A13A6A1A}.Debug|Any CPU.Build.0 = Debug|Any CPU
		{19A3D26D-9ECB-4C0A-AE1C-CE30A13A6A1A}.Release|Any CPU.ActiveCfg = Release|Any CPU
		{19A3D26D-9ECB-4C0A-AE1C-CE30A13A6A1A}.Release|Any CPU.Build.0 = Release|Any CPU
		{4D1A89DA-D736-41B5-9AFD-8F30FE5DAA76}.Debug|Any CPU.ActiveCfg = Debug|Any CPU
		{4D1A89DA-D736-41B5-9AFD-8F30FE5DAA76}.Debug|Any CPU.Build.0 = Debug|Any CPU
		{4D1A89DA-D736-41B5-9AFD-8F30FE5DAA76}.Release|Any CPU.ActiveCfg = Release|Any CPU
		{4D1A89DA-D736-41B5-9AFD-8F30FE5DAA76}.Release|Any CPU.Build.0 = Release|Any CPU
		{6FEFA4A7-CF69-44CD-BD03-AC5C702B7BA0}.Debug|Any CPU.ActiveCfg = Debug|Any CPU
		{6FEFA4A7-CF69-44CD-BD03-AC5C702B7BA0}.Debug|Any CPU.Build.0 = Debug|Any CPU
		{6FEFA4A7-CF69-44CD-BD03-AC5C702B7BA0}.Release|Any CPU.ActiveCfg = Release|Any CPU
		{6FEFA4A7-CF69-44CD-BD03-AC5C702B7BA0}.Release|Any CPU.Build.0 = Release|Any CPU
		{97999608-B9AD-46B4-AF10-311B109A90BE}.Debug|Any CPU.ActiveCfg = Debug|Any CPU
		{97999608-B9AD-46B4-AF10-311B109A90BE}.Debug|Any CPU.Build.0 = Debug|Any CPU
		{97999608-B9AD-46B4-AF10-311B109A90BE}.Release|Any CPU.ActiveCfg = Release|Any CPU
		{97999608-B9AD-46B4-AF10-311B109A90BE}.Release|Any CPU.Build.0 = Release|Any CPU
		{73B6E291-89AA-4EB7-BE38-C5884BAAB248}.Debug|Any CPU.ActiveCfg = Debug|Any CPU
		{73B6E291-89AA-4EB7-BE38-C5884BAAB248}.Debug|Any CPU.Build.0 = Debug|Any CPU
		{73B6E291-89AA-4EB7-BE38-C5884BAAB248}.Release|Any CPU.ActiveCfg = Release|Any CPU
		{73B6E291-89AA-4EB7-BE38-C5884BAAB248}.Release|Any CPU.Build.0 = Release|Any CPU
		{F7CEDDC1-BA59-4B75-8B3E-6D2AB99E11EB}.Debug|Any CPU.ActiveCfg = Debug|Any CPU
		{F7CEDDC1-BA59-4B75-8B3E-6D2AB99E11EB}.Debug|Any CPU.Build.0 = Debug|Any CPU
		{F7CEDDC1-BA59-4B75-8B3E-6D2AB99E11EB}.Release|Any CPU.ActiveCfg = Release|Any CPU
		{F7CEDDC1-BA59-4B75-8B3E-6D2AB99E11EB}.Release|Any CPU.Build.0 = Release|Any CPU
		{D7672307-B219-493C-B083-897534F7A6FA}.Debug|Any CPU.ActiveCfg = Debug|Any CPU
		{D7672307-B219-493C-B083-897534F7A6FA}.Debug|Any CPU.Build.0 = Debug|Any CPU
		{D7672307-B219-493C-B083-897534F7A6FA}.Release|Any CPU.ActiveCfg = Release|Any CPU
		{D7672307-B219-493C-B083-897534F7A6FA}.Release|Any CPU.Build.0 = Release|Any CPU
		{D32484B4-BB1D-46F9-9F81-20DE4673F922}.Debug|Any CPU.ActiveCfg = Debug|Any CPU
		{D32484B4-BB1D-46F9-9F81-20DE4673F922}.Debug|Any CPU.Build.0 = Debug|Any CPU
		{D32484B4-BB1D-46F9-9F81-20DE4673F922}.Release|Any CPU.ActiveCfg = Release|Any CPU
		{D32484B4-BB1D-46F9-9F81-20DE4673F922}.Release|Any CPU.Build.0 = Release|Any CPU
		{6E78A183-5E79-4CC4-A515-9A98B425A485}.Debug|Any CPU.ActiveCfg = Debug|Any CPU
		{6E78A183-5E79-4CC4-A515-9A98B425A485}.Debug|Any CPU.Build.0 = Debug|Any CPU
		{6E78A183-5E79-4CC4-A515-9A98B425A485}.Release|Any CPU.ActiveCfg = Release|Any CPU
		{6E78A183-5E79-4CC4-A515-9A98B425A485}.Release|Any CPU.Build.0 = Release|Any CPU
		{8E46C73B-D442-489F-B313-CD26F3C1F2DF}.Debug|Any CPU.ActiveCfg = Debug|Any CPU
		{8E46C73B-D442-489F-B313-CD26F3C1F2DF}.Debug|Any CPU.Build.0 = Debug|Any CPU
		{8E46C73B-D442-489F-B313-CD26F3C1F2DF}.Release|Any CPU.ActiveCfg = Release|Any CPU
		{8E46C73B-D442-489F-B313-CD26F3C1F2DF}.Release|Any CPU.Build.0 = Release|Any CPU
		{E4350BBB-204F-4FD1-A187-7C8381860831}.Debug|Any CPU.ActiveCfg = Debug|Any CPU
		{E4350BBB-204F-4FD1-A187-7C8381860831}.Debug|Any CPU.Build.0 = Debug|Any CPU
		{E4350BBB-204F-4FD1-A187-7C8381860831}.Release|Any CPU.ActiveCfg = Release|Any CPU
		{E4350BBB-204F-4FD1-A187-7C8381860831}.Release|Any CPU.Build.0 = Release|Any CPU
		{1914FAAB-9B86-4B76-90CA-E16D3C8984FC}.Debug|Any CPU.ActiveCfg = Debug|Any CPU
		{1914FAAB-9B86-4B76-90CA-E16D3C8984FC}.Debug|Any CPU.Build.0 = Debug|Any CPU
		{1914FAAB-9B86-4B76-90CA-E16D3C8984FC}.Release|Any CPU.ActiveCfg = Release|Any CPU
		{1914FAAB-9B86-4B76-90CA-E16D3C8984FC}.Release|Any CPU.Build.0 = Release|Any CPU
		{9A614AAB-D386-4D5F-971B-33BA9E820AF8}.Debug|Any CPU.ActiveCfg = Debug|Any CPU
		{9A614AAB-D386-4D5F-971B-33BA9E820AF8}.Debug|Any CPU.Build.0 = Debug|Any CPU
		{9A614AAB-D386-4D5F-971B-33BA9E820AF8}.Release|Any CPU.ActiveCfg = Release|Any CPU
		{9A614AAB-D386-4D5F-971B-33BA9E820AF8}.Release|Any CPU.Build.0 = Release|Any CPU
		{D8CBF2CD-B0F4-6CB4-15A7-BA1BD59CDBF4}.Debug|Any CPU.ActiveCfg = Debug|Any CPU
		{D8CBF2CD-B0F4-6CB4-15A7-BA1BD59CDBF4}.Debug|Any CPU.Build.0 = Debug|Any CPU
		{D8CBF2CD-B0F4-6CB4-15A7-BA1BD59CDBF4}.Release|Any CPU.ActiveCfg = Release|Any CPU
		{D8CBF2CD-B0F4-6CB4-15A7-BA1BD59CDBF4}.Release|Any CPU.Build.0 = Release|Any CPU
		{59BD7D9B-0B9F-85A5-04CD-E0070CD2DACE}.Debug|Any CPU.ActiveCfg = Debug|Any CPU
		{59BD7D9B-0B9F-85A5-04CD-E0070CD2DACE}.Debug|Any CPU.Build.0 = Debug|Any CPU
		{59BD7D9B-0B9F-85A5-04CD-E0070CD2DACE}.Release|Any CPU.ActiveCfg = Release|Any CPU
		{59BD7D9B-0B9F-85A5-04CD-E0070CD2DACE}.Release|Any CPU.Build.0 = Release|Any CPU
		{5EF7CDAE-D226-0F26-D4ED-9D4C22BBA85C}.Debug|Any CPU.ActiveCfg = Debug|Any CPU
		{5EF7CDAE-D226-0F26-D4ED-9D4C22BBA85C}.Debug|Any CPU.Build.0 = Debug|Any CPU
		{5EF7CDAE-D226-0F26-D4ED-9D4C22BBA85C}.Release|Any CPU.ActiveCfg = Release|Any CPU
		{5EF7CDAE-D226-0F26-D4ED-9D4C22BBA85C}.Release|Any CPU.Build.0 = Release|Any CPU
		{AAE0CF70-4CDD-150B-6B97-C959E47B3E63}.Debug|Any CPU.ActiveCfg = Debug|Any CPU
		{AAE0CF70-4CDD-150B-6B97-C959E47B3E63}.Debug|Any CPU.Build.0 = Debug|Any CPU
		{AAE0CF70-4CDD-150B-6B97-C959E47B3E63}.Release|Any CPU.ActiveCfg = Release|Any CPU
		{AAE0CF70-4CDD-150B-6B97-C959E47B3E63}.Release|Any CPU.Build.0 = Release|Any CPU
		{EBA73883-7AF9-33DD-4189-6DEEB662F8A2}.Debug|Any CPU.ActiveCfg = Debug|Any CPU
		{EBA73883-7AF9-33DD-4189-6DEEB662F8A2}.Debug|Any CPU.Build.0 = Debug|Any CPU
		{EBA73883-7AF9-33DD-4189-6DEEB662F8A2}.Release|Any CPU.ActiveCfg = Release|Any CPU
		{EBA73883-7AF9-33DD-4189-6DEEB662F8A2}.Release|Any CPU.Build.0 = Release|Any CPU
		{56C6CE69-4ACB-2592-96A4-B40E75A9B9A9}.Debug|Any CPU.ActiveCfg = Debug|Any CPU
		{56C6CE69-4ACB-2592-96A4-B40E75A9B9A9}.Debug|Any CPU.Build.0 = Debug|Any CPU
		{56C6CE69-4ACB-2592-96A4-B40E75A9B9A9}.Release|Any CPU.ActiveCfg = Release|Any CPU
		{56C6CE69-4ACB-2592-96A4-B40E75A9B9A9}.Release|Any CPU.Build.0 = Release|Any CPU
		{39E61FAC-46C4-BE17-3B6A-20D56FA33332}.Debug|Any CPU.ActiveCfg = Debug|Any CPU
		{39E61FAC-46C4-BE17-3B6A-20D56FA33332}.Debug|Any CPU.Build.0 = Debug|Any CPU
		{39E61FAC-46C4-BE17-3B6A-20D56FA33332}.Release|Any CPU.ActiveCfg = Release|Any CPU
		{39E61FAC-46C4-BE17-3B6A-20D56FA33332}.Release|Any CPU.Build.0 = Release|Any CPU
		{7B26BC75-6F05-7BD9-163B-EAC375C08347}.Debug|Any CPU.ActiveCfg = Debug|Any CPU
		{7B26BC75-6F05-7BD9-163B-EAC375C08347}.Debug|Any CPU.Build.0 = Debug|Any CPU
		{7B26BC75-6F05-7BD9-163B-EAC375C08347}.Release|Any CPU.ActiveCfg = Release|Any CPU
		{7B26BC75-6F05-7BD9-163B-EAC375C08347}.Release|Any CPU.Build.0 = Release|Any CPU
		{FCE700DE-1DEE-6E18-78FE-C56DF272F985}.Debug|Any CPU.ActiveCfg = Debug|Any CPU
		{FCE700DE-1DEE-6E18-78FE-C56DF272F985}.Debug|Any CPU.Build.0 = Debug|Any CPU
		{FCE700DE-1DEE-6E18-78FE-C56DF272F985}.Release|Any CPU.ActiveCfg = Release|Any CPU
		{FCE700DE-1DEE-6E18-78FE-C56DF272F985}.Release|Any CPU.Build.0 = Release|Any CPU
		{6A6C753A-1754-F1E9-36DE-81120AFA42D1}.Debug|Any CPU.ActiveCfg = Debug|Any CPU
		{6A6C753A-1754-F1E9-36DE-81120AFA42D1}.Debug|Any CPU.Build.0 = Debug|Any CPU
		{6A6C753A-1754-F1E9-36DE-81120AFA42D1}.Release|Any CPU.ActiveCfg = Release|Any CPU
		{6A6C753A-1754-F1E9-36DE-81120AFA42D1}.Release|Any CPU.Build.0 = Release|Any CPU
		{571212F3-24D8-DE61-59CB-6FAD4E6195AB}.Debug|Any CPU.ActiveCfg = Debug|Any CPU
		{571212F3-24D8-DE61-59CB-6FAD4E6195AB}.Debug|Any CPU.Build.0 = Debug|Any CPU
		{571212F3-24D8-DE61-59CB-6FAD4E6195AB}.Release|Any CPU.ActiveCfg = Release|Any CPU
		{571212F3-24D8-DE61-59CB-6FAD4E6195AB}.Release|Any CPU.Build.0 = Release|Any CPU
		{B3F64D86-E7DA-1E15-21C8-E4A5A3F49F40}.Debug|Any CPU.ActiveCfg = Debug|Any CPU
		{B3F64D86-E7DA-1E15-21C8-E4A5A3F49F40}.Debug|Any CPU.Build.0 = Debug|Any CPU
		{B3F64D86-E7DA-1E15-21C8-E4A5A3F49F40}.Release|Any CPU.ActiveCfg = Release|Any CPU
		{B3F64D86-E7DA-1E15-21C8-E4A5A3F49F40}.Release|Any CPU.Build.0 = Release|Any CPU
		{F6C66504-26B0-BB42-5C91-3BF2BC951466}.Debug|Any CPU.ActiveCfg = Debug|Any CPU
		{F6C66504-26B0-BB42-5C91-3BF2BC951466}.Debug|Any CPU.Build.0 = Debug|Any CPU
		{F6C66504-26B0-BB42-5C91-3BF2BC951466}.Release|Any CPU.ActiveCfg = Release|Any CPU
		{F6C66504-26B0-BB42-5C91-3BF2BC951466}.Release|Any CPU.Build.0 = Release|Any CPU
		{303A99E8-8CC9-D474-A06B-A597CEE3D842}.Debug|Any CPU.ActiveCfg = Debug|Any CPU
		{303A99E8-8CC9-D474-A06B-A597CEE3D842}.Debug|Any CPU.Build.0 = Debug|Any CPU
		{303A99E8-8CC9-D474-A06B-A597CEE3D842}.Release|Any CPU.ActiveCfg = Release|Any CPU
		{303A99E8-8CC9-D474-A06B-A597CEE3D842}.Release|Any CPU.Build.0 = Release|Any CPU
		{9890AC1A-CE50-F1CA-5EB6-ED7BEFB0E6DC}.Debug|Any CPU.ActiveCfg = Debug|Any CPU
		{9890AC1A-CE50-F1CA-5EB6-ED7BEFB0E6DC}.Debug|Any CPU.Build.0 = Debug|Any CPU
		{9890AC1A-CE50-F1CA-5EB6-ED7BEFB0E6DC}.Release|Any CPU.ActiveCfg = Release|Any CPU
		{9890AC1A-CE50-F1CA-5EB6-ED7BEFB0E6DC}.Release|Any CPU.Build.0 = Release|Any CPU
		{72783895-DC6F-5E70-2F71-0ECFC9336CCF}.Debug|Any CPU.ActiveCfg = Debug|Any CPU
		{72783895-DC6F-5E70-2F71-0ECFC9336CCF}.Debug|Any CPU.Build.0 = Debug|Any CPU
		{72783895-DC6F-5E70-2F71-0ECFC9336CCF}.Release|Any CPU.ActiveCfg = Release|Any CPU
		{72783895-DC6F-5E70-2F71-0ECFC9336CCF}.Release|Any CPU.Build.0 = Release|Any CPU
		{AD707426-D5AC-C286-0E72-A49A90AFAC46}.Debug|Any CPU.ActiveCfg = Debug|Any CPU
		{AD707426-D5AC-C286-0E72-A49A90AFAC46}.Debug|Any CPU.Build.0 = Debug|Any CPU
		{AD707426-D5AC-C286-0E72-A49A90AFAC46}.Release|Any CPU.ActiveCfg = Release|Any CPU
		{AD707426-D5AC-C286-0E72-A49A90AFAC46}.Release|Any CPU.Build.0 = Release|Any CPU
		{ECF6743B-5E7C-38BB-C296-7D4361F4DD89}.Debug|Any CPU.ActiveCfg = Debug|Any CPU
		{ECF6743B-5E7C-38BB-C296-7D4361F4DD89}.Debug|Any CPU.Build.0 = Debug|Any CPU
		{ECF6743B-5E7C-38BB-C296-7D4361F4DD89}.Release|Any CPU.ActiveCfg = Release|Any CPU
		{ECF6743B-5E7C-38BB-C296-7D4361F4DD89}.Release|Any CPU.Build.0 = Release|Any CPU
		{9EBC51CF-FDE7-C460-EB26-48F4E1715172}.Debug|Any CPU.ActiveCfg = Debug|Any CPU
		{9EBC51CF-FDE7-C460-EB26-48F4E1715172}.Debug|Any CPU.Build.0 = Debug|Any CPU
		{9EBC51CF-FDE7-C460-EB26-48F4E1715172}.Release|Any CPU.ActiveCfg = Release|Any CPU
		{9EBC51CF-FDE7-C460-EB26-48F4E1715172}.Release|Any CPU.Build.0 = Release|Any CPU
		{0256FE72-A5AB-45F5-10F3-79F83B8E97F2}.Debug|Any CPU.ActiveCfg = Debug|Any CPU
		{0256FE72-A5AB-45F5-10F3-79F83B8E97F2}.Debug|Any CPU.Build.0 = Debug|Any CPU
		{0256FE72-A5AB-45F5-10F3-79F83B8E97F2}.Release|Any CPU.ActiveCfg = Release|Any CPU
		{0256FE72-A5AB-45F5-10F3-79F83B8E97F2}.Release|Any CPU.Build.0 = Release|Any CPU
		{F4444ED7-998F-AF4A-958F-C742FE7DF113}.Debug|Any CPU.ActiveCfg = Debug|Any CPU
		{F4444ED7-998F-AF4A-958F-C742FE7DF113}.Debug|Any CPU.Build.0 = Debug|Any CPU
		{F4444ED7-998F-AF4A-958F-C742FE7DF113}.Release|Any CPU.ActiveCfg = Release|Any CPU
		{F4444ED7-998F-AF4A-958F-C742FE7DF113}.Release|Any CPU.Build.0 = Release|Any CPU
		{3FA7AF10-5393-3BC8-5FFB-BA4EB5BA21A9}.Debug|Any CPU.ActiveCfg = Debug|Any CPU
		{3FA7AF10-5393-3BC8-5FFB-BA4EB5BA21A9}.Debug|Any CPU.Build.0 = Debug|Any CPU
		{3FA7AF10-5393-3BC8-5FFB-BA4EB5BA21A9}.Release|Any CPU.ActiveCfg = Release|Any CPU
		{3FA7AF10-5393-3BC8-5FFB-BA4EB5BA21A9}.Release|Any CPU.Build.0 = Release|Any CPU
		{23FE701D-30D6-0DDD-AD57-5390107D6039}.Debug|Any CPU.ActiveCfg = Debug|Any CPU
		{23FE701D-30D6-0DDD-AD57-5390107D6039}.Debug|Any CPU.Build.0 = Debug|Any CPU
		{23FE701D-30D6-0DDD-AD57-5390107D6039}.Release|Any CPU.ActiveCfg = Release|Any CPU
		{23FE701D-30D6-0DDD-AD57-5390107D6039}.Release|Any CPU.Build.0 = Release|Any CPU
		{7CF175EA-00D6-96C7-3977-65A35392ABBA}.Debug|Any CPU.ActiveCfg = Debug|Any CPU
		{7CF175EA-00D6-96C7-3977-65A35392ABBA}.Debug|Any CPU.Build.0 = Debug|Any CPU
		{7CF175EA-00D6-96C7-3977-65A35392ABBA}.Release|Any CPU.ActiveCfg = Release|Any CPU
		{7CF175EA-00D6-96C7-3977-65A35392ABBA}.Release|Any CPU.Build.0 = Release|Any CPU
		{545C5228-7BF9-461D-98FD-A71234E3A12E}.Debug|Any CPU.ActiveCfg = Debug|Any CPU
		{545C5228-7BF9-461D-98FD-A71234E3A12E}.Debug|Any CPU.Build.0 = Debug|Any CPU
		{545C5228-7BF9-461D-98FD-A71234E3A12E}.Release|Any CPU.ActiveCfg = Release|Any CPU
		{545C5228-7BF9-461D-98FD-A71234E3A12E}.Release|Any CPU.Build.0 = Release|Any CPU
		{262184A4-1177-4D2E-BED9-A21CF7A33C67}.Debug|Any CPU.ActiveCfg = Debug|Any CPU
		{262184A4-1177-4D2E-BED9-A21CF7A33C67}.Debug|Any CPU.Build.0 = Debug|Any CPU
		{262184A4-1177-4D2E-BED9-A21CF7A33C67}.Release|Any CPU.ActiveCfg = Release|Any CPU
		{262184A4-1177-4D2E-BED9-A21CF7A33C67}.Release|Any CPU.Build.0 = Release|Any CPU
		{87C9B6DD-C988-46DB-A320-DCC97C48B9A4}.Debug|Any CPU.ActiveCfg = Debug|Any CPU
		{87C9B6DD-C988-46DB-A320-DCC97C48B9A4}.Debug|Any CPU.Build.0 = Debug|Any CPU
		{87C9B6DD-C988-46DB-A320-DCC97C48B9A4}.Release|Any CPU.ActiveCfg = Release|Any CPU
		{87C9B6DD-C988-46DB-A320-DCC97C48B9A4}.Release|Any CPU.Build.0 = Release|Any CPU
		{2F3592B6-A976-4C06-A624-6D23F0CC8F2D}.Debug|Any CPU.ActiveCfg = Debug|Any CPU
		{2F3592B6-A976-4C06-A624-6D23F0CC8F2D}.Debug|Any CPU.Build.0 = Debug|Any CPU
		{2F3592B6-A976-4C06-A624-6D23F0CC8F2D}.Release|Any CPU.ActiveCfg = Release|Any CPU
		{2F3592B6-A976-4C06-A624-6D23F0CC8F2D}.Release|Any CPU.Build.0 = Release|Any CPU
		{55676068-39D9-406F-9024-55A9C53AC29E}.Debug|Any CPU.ActiveCfg = Debug|Any CPU
		{55676068-39D9-406F-9024-55A9C53AC29E}.Debug|Any CPU.Build.0 = Debug|Any CPU
		{55676068-39D9-406F-9024-55A9C53AC29E}.Release|Any CPU.ActiveCfg = Release|Any CPU
		{55676068-39D9-406F-9024-55A9C53AC29E}.Release|Any CPU.Build.0 = Release|Any CPU
		{E7A08F46-BC6B-45CF-8BD6-983F53F8E6C1}.Debug|Any CPU.ActiveCfg = Debug|Any CPU
		{E7A08F46-BC6B-45CF-8BD6-983F53F8E6C1}.Debug|Any CPU.Build.0 = Debug|Any CPU
		{E7A08F46-BC6B-45CF-8BD6-983F53F8E6C1}.Release|Any CPU.ActiveCfg = Release|Any CPU
		{E7A08F46-BC6B-45CF-8BD6-983F53F8E6C1}.Release|Any CPU.Build.0 = Release|Any CPU
		{565088BE-70DA-4535-9CBC-A3E184F60D30}.Debug|Any CPU.ActiveCfg = Debug|Any CPU
		{565088BE-70DA-4535-9CBC-A3E184F60D30}.Debug|Any CPU.Build.0 = Debug|Any CPU
		{565088BE-70DA-4535-9CBC-A3E184F60D30}.Release|Any CPU.ActiveCfg = Release|Any CPU
		{565088BE-70DA-4535-9CBC-A3E184F60D30}.Release|Any CPU.Build.0 = Release|Any CPU
		{30CBC268-DB26-4DF8-ADC0-F957BBCED77B}.Debug|Any CPU.ActiveCfg = Debug|Any CPU
		{30CBC268-DB26-4DF8-ADC0-F957BBCED77B}.Debug|Any CPU.Build.0 = Debug|Any CPU
		{30CBC268-DB26-4DF8-ADC0-F957BBCED77B}.Release|Any CPU.ActiveCfg = Release|Any CPU
		{30CBC268-DB26-4DF8-ADC0-F957BBCED77B}.Release|Any CPU.Build.0 = Release|Any CPU
		{10056CD7-13C8-4B12-9951-D0C7F87F5FBD}.Debug|Any CPU.ActiveCfg = Debug|Any CPU
		{10056CD7-13C8-4B12-9951-D0C7F87F5FBD}.Debug|Any CPU.Build.0 = Debug|Any CPU
		{10056CD7-13C8-4B12-9951-D0C7F87F5FBD}.Release|Any CPU.ActiveCfg = Release|Any CPU
		{10056CD7-13C8-4B12-9951-D0C7F87F5FBD}.Release|Any CPU.Build.0 = Release|Any CPU
		{8057D823-AF47-475D-9EE3-008FE1830A3E}.Debug|Any CPU.ActiveCfg = Debug|Any CPU
		{8057D823-AF47-475D-9EE3-008FE1830A3E}.Debug|Any CPU.Build.0 = Debug|Any CPU
		{8057D823-AF47-475D-9EE3-008FE1830A3E}.Release|Any CPU.ActiveCfg = Release|Any CPU
		{8057D823-AF47-475D-9EE3-008FE1830A3E}.Release|Any CPU.Build.0 = Release|Any CPU
		{A46F4BCC-C24A-4B7A-AB14-E6815F53B5DB}.Debug|Any CPU.ActiveCfg = Debug|Any CPU
		{A46F4BCC-C24A-4B7A-AB14-E6815F53B5DB}.Debug|Any CPU.Build.0 = Debug|Any CPU
		{A46F4BCC-C24A-4B7A-AB14-E6815F53B5DB}.Release|Any CPU.ActiveCfg = Release|Any CPU
		{A46F4BCC-C24A-4B7A-AB14-E6815F53B5DB}.Release|Any CPU.Build.0 = Release|Any CPU
		{2198C4C2-7E6D-4936-BB37-FF90AD626CCF}.Debug|Any CPU.ActiveCfg = Debug|Any CPU
		{2198C4C2-7E6D-4936-BB37-FF90AD626CCF}.Debug|Any CPU.Build.0 = Debug|Any CPU
		{2198C4C2-7E6D-4936-BB37-FF90AD626CCF}.Release|Any CPU.ActiveCfg = Release|Any CPU
		{2198C4C2-7E6D-4936-BB37-FF90AD626CCF}.Release|Any CPU.Build.0 = Release|Any CPU
		{F1016288-2279-471B-90F0-5F584883FD2A}.Debug|Any CPU.ActiveCfg = Debug|Any CPU
		{F1016288-2279-471B-90F0-5F584883FD2A}.Debug|Any CPU.Build.0 = Debug|Any CPU
		{F1016288-2279-471B-90F0-5F584883FD2A}.Release|Any CPU.ActiveCfg = Release|Any CPU
		{F1016288-2279-471B-90F0-5F584883FD2A}.Release|Any CPU.Build.0 = Release|Any CPU
		{62BE2AB5-64E3-4F42-B65E-DBAF82C67FAE}.Debug|Any CPU.ActiveCfg = Debug|Any CPU
		{62BE2AB5-64E3-4F42-B65E-DBAF82C67FAE}.Debug|Any CPU.Build.0 = Debug|Any CPU
		{62BE2AB5-64E3-4F42-B65E-DBAF82C67FAE}.Release|Any CPU.ActiveCfg = Release|Any CPU
		{62BE2AB5-64E3-4F42-B65E-DBAF82C67FAE}.Release|Any CPU.Build.0 = Release|Any CPU
		{F7295900-404E-470D-94C5-8BB07E85FA85}.Debug|Any CPU.ActiveCfg = Debug|Any CPU
		{F7295900-404E-470D-94C5-8BB07E85FA85}.Debug|Any CPU.Build.0 = Debug|Any CPU
		{F7295900-404E-470D-94C5-8BB07E85FA85}.Release|Any CPU.ActiveCfg = Release|Any CPU
		{F7295900-404E-470D-94C5-8BB07E85FA85}.Release|Any CPU.Build.0 = Release|Any CPU
	EndGlobalSection
	GlobalSection(SolutionProperties) = preSolution
		HideSolutionNode = FALSE
	EndGlobalSection
	GlobalSection(NestedProjects) = preSolution
		{1CC73AD2-CFC9-4FE7-96C0-0E4FEFBB66F1} = {07500646-19CF-415A-A1E5-0CDFDFE76127}
		{2C9B5E9D-900E-4D82-A576-106FE035CAE1} = {07500646-19CF-415A-A1E5-0CDFDFE76127}
		{F295C81A-BE85-4121-A594-3ECD741DF9E5} = {1CC73AD2-CFC9-4FE7-96C0-0E4FEFBB66F1}
		{B2A94C28-1A5C-4F75-851A-DFC4A5077FAA} = {1CC73AD2-CFC9-4FE7-96C0-0E4FEFBB66F1}
		{AB6D5218-A3FE-410F-B729-E4CB2AA54C8F} = {1CC73AD2-CFC9-4FE7-96C0-0E4FEFBB66F1}
		{E0873894-C1E6-4933-8519-052C9D53CD32} = {07500646-19CF-415A-A1E5-0CDFDFE76127}
		{CC105757-549C-418F-B564-8C40111B9C57} = {07500646-19CF-415A-A1E5-0CDFDFE76127}
		{5A1E21A9-1014-4E1B-B7A5-B9B77ECB7045} = {07500646-19CF-415A-A1E5-0CDFDFE76127}
		{3751A4FF-ACEC-470F-ABF0-660338EBCF0F} = {5961A5E0-54A6-42F5-92A2-9A9E48DE2878}
		{D165FEE4-4EA8-46FE-B5EC-9A3178CAC615} = {5961A5E0-54A6-42F5-92A2-9A9E48DE2878}
		{D438CECE-FB91-4E2A-9182-D386222D8C92} = {5961A5E0-54A6-42F5-92A2-9A9E48DE2878}
		{BB5FD6A0-0840-4381-AB68-AD61499368ED} = {5961A5E0-54A6-42F5-92A2-9A9E48DE2878}
		{70B5742E-C249-4B51-985C-2B4B7BDAB489} = {BB5FD6A0-0840-4381-AB68-AD61499368ED}
		{818F8CD0-5218-4480-A541-BD9D59416CDE} = {BB5FD6A0-0840-4381-AB68-AD61499368ED}
		{9D8B6051-BE99-42E4-B569-43ABA3A9510D} = {BB5FD6A0-0840-4381-AB68-AD61499368ED}
		{0A4945C1-1089-4331-B9F4-2AB98BCB4D39} = {CA060C96-322D-4410-8D32-0AF5DA8A975C}
		{6BF48DBC-42A7-412E-8894-39E61BA7EF8A} = {CA060C96-322D-4410-8D32-0AF5DA8A975C}
		{ACD2C7B7-2227-4E25-88F8-8B45BCE89584} = {CA060C96-322D-4410-8D32-0AF5DA8A975C}
		{2FF62DC2-6027-4F9F-A6A9-3DA46D2B88E2} = {CA060C96-322D-4410-8D32-0AF5DA8A975C}
		{207E4FB5-2614-4E19-B593-C9F1254DF44D} = {ACD2C7B7-2227-4E25-88F8-8B45BCE89584}
		{D000CB33-97FD-4074-946B-CED146812CCD} = {ACD2C7B7-2227-4E25-88F8-8B45BCE89584}
		{1F36D46A-5D9C-42E5-BC17-44C07A4484B4} = {0A4945C1-1089-4331-B9F4-2AB98BCB4D39}
		{A355D8E5-1BA2-4267-BEC5-0F21A8D41B45} = {0A4945C1-1089-4331-B9F4-2AB98BCB4D39}
		{A0D762CD-19DF-4F35-B4B2-B2171168F00B} = {6BF48DBC-42A7-412E-8894-39E61BA7EF8A}
		{1ADA3DC1-E56B-4648-AD6D-FE8A166ECAD0} = {2FF62DC2-6027-4F9F-A6A9-3DA46D2B88E2}
		{F24BF4C8-5E7C-41FE-8E15-1318CEE2F136} = {2FF62DC2-6027-4F9F-A6A9-3DA46D2B88E2}
		{2673EBC9-E99C-4A3F-AEA1-72FF42DEAD0C} = {6BF48DBC-42A7-412E-8894-39E61BA7EF8A}
		{2FB1EE8A-F07C-41F6-855C-031CA3346BFA} = {BB5FD6A0-0840-4381-AB68-AD61499368ED}
		{7705739E-5D69-4DF4-8C77-34AD3D991683} = {CA060C96-322D-4410-8D32-0AF5DA8A975C}
		{6238A269-B71B-444D-815C-2CDB340AEEE9} = {7705739E-5D69-4DF4-8C77-34AD3D991683}
		{6E1E6F02-6930-41C2-B03A-2BE94F167F6F} = {7705739E-5D69-4DF4-8C77-34AD3D991683}
		{19A3D26D-9ECB-4C0A-AE1C-CE30A13A6A1A} = {BB5FD6A0-0840-4381-AB68-AD61499368ED}
		{4D1A89DA-D736-41B5-9AFD-8F30FE5DAA76} = {1CC73AD2-CFC9-4FE7-96C0-0E4FEFBB66F1}
		{016945AB-5C4D-42A1-81B9-8C12FC6E40E6} = {CA060C96-322D-4410-8D32-0AF5DA8A975C}
		{6FEFA4A7-CF69-44CD-BD03-AC5C702B7BA0} = {016945AB-5C4D-42A1-81B9-8C12FC6E40E6}
		{97999608-B9AD-46B4-AF10-311B109A90BE} = {016945AB-5C4D-42A1-81B9-8C12FC6E40E6}
		{73B6E291-89AA-4EB7-BE38-C5884BAAB248} = {BB5FD6A0-0840-4381-AB68-AD61499368ED}
		{F7CEDDC1-BA59-4B75-8B3E-6D2AB99E11EB} = {BB5FD6A0-0840-4381-AB68-AD61499368ED}
		{D7672307-B219-493C-B083-897534F7A6FA} = {1CC73AD2-CFC9-4FE7-96C0-0E4FEFBB66F1}
		{D32484B4-BB1D-46F9-9F81-20DE4673F922} = {BB5FD6A0-0840-4381-AB68-AD61499368ED}
		{6E78A183-5E79-4CC4-A515-9A98B425A485} = {1CC73AD2-CFC9-4FE7-96C0-0E4FEFBB66F1}
		{8E46C73B-D442-489F-B313-CD26F3C1F2DF} = {1CC73AD2-CFC9-4FE7-96C0-0E4FEFBB66F1}
		{E4350BBB-204F-4FD1-A187-7C8381860831} = {1CC73AD2-CFC9-4FE7-96C0-0E4FEFBB66F1}
		{1914FAAB-9B86-4B76-90CA-E16D3C8984FC} = {1CC73AD2-CFC9-4FE7-96C0-0E4FEFBB66F1}
		{9A614AAB-D386-4D5F-971B-33BA9E820AF8} = {5961A5E0-54A6-42F5-92A2-9A9E48DE2878}
		{BA962DC1-64AB-4F30-A69C-DABFE345845B} = {02EA681E-C7D8-13C7-8484-4AC65E1B71E8}
		{21D28C02-FDEC-4000-A577-0DC0044695F1} = {B0A6723E-1174-4910-80EB-21115987F7FA}
		{A387EFCC-4699-4B0D-A746-DA1AD9A8436C} = {B0A6723E-1174-4910-80EB-21115987F7FA}
		{EA576F86-1768-4F9E-97A6-D1958DB5D5D8} = {B0A6723E-1174-4910-80EB-21115987F7FA}
		{1DD25842-EF3F-424C-8A6F-20D8E7E52903} = {B0A6723E-1174-4910-80EB-21115987F7FA}
		{FAD9614B-30FC-45B6-B8FC-999550277451} = {B0A6723E-1174-4910-80EB-21115987F7FA}
		{828DDB94-C720-4840-A31F-EAD0A76C90C4} = {B0A6723E-1174-4910-80EB-21115987F7FA}
		{D8CBF2CD-B0F4-6CB4-15A7-BA1BD59CDBF4} = {21D28C02-FDEC-4000-A577-0DC0044695F1}
		{59BD7D9B-0B9F-85A5-04CD-E0070CD2DACE} = {21D28C02-FDEC-4000-A577-0DC0044695F1}
		{5EF7CDAE-D226-0F26-D4ED-9D4C22BBA85C} = {21D28C02-FDEC-4000-A577-0DC0044695F1}
		{AAE0CF70-4CDD-150B-6B97-C959E47B3E63} = {21D28C02-FDEC-4000-A577-0DC0044695F1}
		{EBA73883-7AF9-33DD-4189-6DEEB662F8A2} = {A387EFCC-4699-4B0D-A746-DA1AD9A8436C}
		{56C6CE69-4ACB-2592-96A4-B40E75A9B9A9} = {A387EFCC-4699-4B0D-A746-DA1AD9A8436C}
		{39E61FAC-46C4-BE17-3B6A-20D56FA33332} = {EA576F86-1768-4F9E-97A6-D1958DB5D5D8}
		{7B26BC75-6F05-7BD9-163B-EAC375C08347} = {1DD25842-EF3F-424C-8A6F-20D8E7E52903}
		{FCE700DE-1DEE-6E18-78FE-C56DF272F985} = {1DD25842-EF3F-424C-8A6F-20D8E7E52903}
		{6A6C753A-1754-F1E9-36DE-81120AFA42D1} = {828DDB94-C720-4840-A31F-EAD0A76C90C4}
		{571212F3-24D8-DE61-59CB-6FAD4E6195AB} = {828DDB94-C720-4840-A31F-EAD0A76C90C4}
		{B3F64D86-E7DA-1E15-21C8-E4A5A3F49F40} = {828DDB94-C720-4840-A31F-EAD0A76C90C4}
		{F6C66504-26B0-BB42-5C91-3BF2BC951466} = {828DDB94-C720-4840-A31F-EAD0A76C90C4}
		{288324AC-A0E3-4E47-91CA-8A5E4D74793C} = {02EA681E-C7D8-13C7-8484-4AC65E1B71E8}
		{FA92F40A-58C5-4D26-83F7-F546A6CA1FEB} = {288324AC-A0E3-4E47-91CA-8A5E4D74793C}
		{E379E6AA-AD2D-445F-B20C-C0B0DB87E3AD} = {288324AC-A0E3-4E47-91CA-8A5E4D74793C}
		{303A99E8-8CC9-D474-A06B-A597CEE3D842} = {BA962DC1-64AB-4F30-A69C-DABFE345845B}
		{9890AC1A-CE50-F1CA-5EB6-ED7BEFB0E6DC} = {BA962DC1-64AB-4F30-A69C-DABFE345845B}
		{72783895-DC6F-5E70-2F71-0ECFC9336CCF} = {02EA681E-C7D8-13C7-8484-4AC65E1B71E8}
		{AD707426-D5AC-C286-0E72-A49A90AFAC46} = {FA92F40A-58C5-4D26-83F7-F546A6CA1FEB}
		{ECF6743B-5E7C-38BB-C296-7D4361F4DD89} = {FA92F40A-58C5-4D26-83F7-F546A6CA1FEB}
		{9EBC51CF-FDE7-C460-EB26-48F4E1715172} = {E379E6AA-AD2D-445F-B20C-C0B0DB87E3AD}
		{0256FE72-A5AB-45F5-10F3-79F83B8E97F2} = {E379E6AA-AD2D-445F-B20C-C0B0DB87E3AD}
		{F4444ED7-998F-AF4A-958F-C742FE7DF113} = {E379E6AA-AD2D-445F-B20C-C0B0DB87E3AD}
		{3FA7AF10-5393-3BC8-5FFB-BA4EB5BA21A9} = {FAD9614B-30FC-45B6-B8FC-999550277451}
		{23FE701D-30D6-0DDD-AD57-5390107D6039} = {FAD9614B-30FC-45B6-B8FC-999550277451}
		{7CF175EA-00D6-96C7-3977-65A35392ABBA} = {FAD9614B-30FC-45B6-B8FC-999550277451}
		{545C5228-7BF9-461D-98FD-A71234E3A12E} = {C508492D-AFD0-4F05-BF5F-22302EAF3E1F}
		{C508492D-AFD0-4F05-BF5F-22302EAF3E1F} = {02EA681E-C7D8-13C7-8484-4AC65E1B71E8}
		{262184A4-1177-4D2E-BED9-A21CF7A33C67} = {C508492D-AFD0-4F05-BF5F-22302EAF3E1F}
		{87C9B6DD-C988-46DB-A320-DCC97C48B9A4} = {C508492D-AFD0-4F05-BF5F-22302EAF3E1F}
		{2F3592B6-A976-4C06-A624-6D23F0CC8F2D} = {C508492D-AFD0-4F05-BF5F-22302EAF3E1F}
		{8CF40340-AF5F-4107-BE3B-BB30F5EB5A0F} = {B0A6723E-1174-4910-80EB-21115987F7FA}
		{55676068-39D9-406F-9024-55A9C53AC29E} = {8CF40340-AF5F-4107-BE3B-BB30F5EB5A0F}
		{3750CB2C-EFFC-4FE6-A0A6-95BD0B76ACB2} = {288324AC-A0E3-4E47-91CA-8A5E4D74793C}
		{E7A08F46-BC6B-45CF-8BD6-983F53F8E6C1} = {3750CB2C-EFFC-4FE6-A0A6-95BD0B76ACB2}
		{565088BE-70DA-4535-9CBC-A3E184F60D30} = {3750CB2C-EFFC-4FE6-A0A6-95BD0B76ACB2}
		{597BB087-4F64-4762-AAB4-F4138E9A25D7} = {B0A6723E-1174-4910-80EB-21115987F7FA}
		{30CBC268-DB26-4DF8-ADC0-F957BBCED77B} = {597BB087-4F64-4762-AAB4-F4138E9A25D7}
		{10056CD7-13C8-4B12-9951-D0C7F87F5FBD} = {BA962DC1-64AB-4F30-A69C-DABFE345845B}
		{8057D823-AF47-475D-9EE3-008FE1830A3E} = {C508492D-AFD0-4F05-BF5F-22302EAF3E1F}
		{A46F4BCC-C24A-4B7A-AB14-E6815F53B5DB} = {BA962DC1-64AB-4F30-A69C-DABFE345845B}
		{2198C4C2-7E6D-4936-BB37-FF90AD626CCF} = {C508492D-AFD0-4F05-BF5F-22302EAF3E1F}
		{F1016288-2279-471B-90F0-5F584883FD2A} = {BA962DC1-64AB-4F30-A69C-DABFE345845B}
		{62BE2AB5-64E3-4F42-B65E-DBAF82C67FAE} = {F40F4AFA-1FF0-484C-A27F-0E00FCC5D638}
		{F7295900-404E-470D-94C5-8BB07E85FA85} = {F40F4AFA-1FF0-484C-A27F-0E00FCC5D638}
	EndGlobalSection
	GlobalSection(ExtensibilityGlobals) = postSolution
		SolutionGuid = {2E9F4217-7A58-48A4-9850-84CD0CDA31DA}
	EndGlobalSection
EndGlobal
