
Microsoft Visual Studio Solution File, Format Version 12.00
# Visual Studio Version 17
VisualStudioVersion = 17.7.34031.279
MinimumVisualStudioVersion = 10.0.40219.1
Project("{9A19103F-16F7-4668-BE54-9A1E7A4F7556}") = "FluentCMS", "FluentCMS\FluentCMS.csproj", "{2B2327C2-DD1F-446C-AD24-B19883A7A30D}"
EndProject
Project("{2150E333-8FDC-42A3-9474-1A3956D46DE8}") = "Backend", "Backend", "{07500646-19CF-415A-A1E5-0CDFDFE76127}"
EndProject
Project("{2150E333-8FDC-42A3-9474-1A3956D46DE8}") = "Repositories", "Repositories", "{1CC73AD2-CFC9-4FE7-96C0-0E4FEFBB66F1}"
EndProject
Project("{9A19103F-16F7-4668-BE54-9A1E7A4F7556}") = "FluentCMS.Entities", "Backend\FluentCMS.Entities\FluentCMS.Entities.csproj", "{2C9B5E9D-900E-4D82-A576-106FE035CAE1}"
EndProject
Project("{9A19103F-16F7-4668-BE54-9A1E7A4F7556}") = "FluentCMS.Repositories.Abstractions", "Backend\Repositories\FluentCMS.Repositories.Abstractions\FluentCMS.Repositories.Abstractions.csproj", "{F295C81A-BE85-4121-A594-3ECD741DF9E5}"
EndProject
Project("{9A19103F-16F7-4668-BE54-9A1E7A4F7556}") = "FluentCMS.Repositories.LiteDb", "Backend\Repositories\FluentCMS.Repositories.LiteDb\FluentCMS.Repositories.LiteDb.csproj", "{B2A94C28-1A5C-4F75-851A-DFC4A5077FAA}"
EndProject
Project("{9A19103F-16F7-4668-BE54-9A1E7A4F7556}") = "FluentCMS.Repositories.MongoDB", "Backend\Repositories\FluentCMS.Repositories.MongoDB\FluentCMS.Repositories.MongoDB.csproj", "{AB6D5218-A3FE-410F-B729-E4CB2AA54C8F}"
EndProject
Project("{9A19103F-16F7-4668-BE54-9A1E7A4F7556}") = "FluentCMS.Identity", "Backend\FluentCMS.Identity\FluentCMS.Identity.csproj", "{E0873894-C1E6-4933-8519-052C9D53CD32}"
EndProject
Project("{9A19103F-16F7-4668-BE54-9A1E7A4F7556}") = "FluentCMS.Services", "Backend\FluentCMS.Services\FluentCMS.Services.csproj", "{CC105757-549C-418F-B564-8C40111B9C57}"
EndProject
Project("{9A19103F-16F7-4668-BE54-9A1E7A4F7556}") = "FluentCMS.Web.Api", "Backend\FluentCMS.Web.Api\FluentCMS.Web.Api.csproj", "{5A1E21A9-1014-4E1B-B7A5-B9B77ECB7045}"
EndProject
Project("{2150E333-8FDC-42A3-9474-1A3956D46DE8}") = "Frontend", "Frontend", "{5961A5E0-54A6-42F5-92A2-9A9E48DE2878}"
EndProject
Project("{9A19103F-16F7-4668-BE54-9A1E7A4F7556}") = "FluentCMS.Web.ApiClients", "Frontend\FluentCMS.Web.ApiClients\FluentCMS.Web.ApiClients.csproj", "{3751A4FF-ACEC-470F-ABF0-660338EBCF0F}"
EndProject
Project("{9A19103F-16F7-4668-BE54-9A1E7A4F7556}") = "FluentCMS.Web.UI.Components", "Frontend\FluentCMS.Web.UI.Components\FluentCMS.Web.UI.Components.csproj", "{D165FEE4-4EA8-46FE-B5EC-9A3178CAC615}"
EndProject
Project("{9A19103F-16F7-4668-BE54-9A1E7A4F7556}") = "FluentCMS.Web.UI", "Frontend\FluentCMS.Web.UI\FluentCMS.Web.UI.csproj", "{D438CECE-FB91-4E2A-9182-D386222D8C92}"
EndProject
Project("{2150E333-8FDC-42A3-9474-1A3956D46DE8}") = "Plugins", "Plugins", "{BB5FD6A0-0840-4381-AB68-AD61499368ED}"
EndProject
Project("{9A19103F-16F7-4668-BE54-9A1E7A4F7556}") = "Shared", "Shared\Shared.csproj", "{E78B903B-4307-4220-B451-3000ED3E9971}"
EndProject
Project("{9A19103F-16F7-4668-BE54-9A1E7A4F7556}") = "FluentCMS.Web.Plugins.Admin", "Frontend\Plugins\FluentCMS.Web.Plugins.Admin\FluentCMS.Web.Plugins.Admin.csproj", "{70B5742E-C249-4B51-985C-2B4B7BDAB489}"
EndProject
Project("{9A19103F-16F7-4668-BE54-9A1E7A4F7556}") = "FluentCMS.Web.Plugins.Contents.TextHTML", "Frontend\Plugins\FluentCMS.Web.Plugins.Contents.TextHTML\FluentCMS.Web.Plugins.Contents.TextHTML.csproj", "{818F8CD0-5218-4480-A541-BD9D59416CDE}"
EndProject
Project("{9A19103F-16F7-4668-BE54-9A1E7A4F7556}") = "FluentCMS.Web.Plugins.Contents.RichText", "Frontend\Plugins\FluentCMS.Web.Plugins.Contents.RichText\FluentCMS.Web.Plugins.Contents.RichText.csproj", "{54DBC633-2A8D-4531-AA22-23824C6CFCD9}"
EndProject
Project("{2150E333-8FDC-42A3-9474-1A3956D46DE8}") = "Providers", "Providers", "{CA060C96-322D-4410-8D32-0AF5DA8A975C}"
EndProject
Project("{2150E333-8FDC-42A3-9474-1A3956D46DE8}") = "EmailProviders", "EmailProviders", "{0A4945C1-1089-4331-B9F4-2AB98BCB4D39}"
EndProject
Project("{2150E333-8FDC-42A3-9474-1A3956D46DE8}") = "FileStorageProviders", "FileStorageProviders", "{6BF48DBC-42A7-412E-8894-39E61BA7EF8A}"
EndProject
Project("{2150E333-8FDC-42A3-9474-1A3956D46DE8}") = "ApiTokenProviders", "ApiTokenProviders", "{ACD2C7B7-2227-4E25-88F8-8B45BCE89584}"
EndProject
Project("{2150E333-8FDC-42A3-9474-1A3956D46DE8}") = "MessageBusProviders", "MessageBusProviders", "{2FF62DC2-6027-4F9F-A6A9-3DA46D2B88E2}"
EndProject
Project("{9A19103F-16F7-4668-BE54-9A1E7A4F7556}") = "FluentCMS.Providers.ApiTokenProviders.Abstractions", "Providers\ApiTokenProviders\FluentCMS.Providers.ApiTokenProviders.Abstractions\FluentCMS.Providers.ApiTokenProviders.Abstractions.csproj", "{207E4FB5-2614-4E19-B593-C9F1254DF44D}"
EndProject
Project("{9A19103F-16F7-4668-BE54-9A1E7A4F7556}") = "FluentCMS.Providers.ApiTokenProviders", "Providers\ApiTokenProviders\FluentCMS.Providers.ApiTokenProviders\FluentCMS.Providers.ApiTokenProviders.csproj", "{D000CB33-97FD-4074-946B-CED146812CCD}"
EndProject
Project("{9A19103F-16F7-4668-BE54-9A1E7A4F7556}") = "FluentCMS.Providers.EmailProviders.Abstractions", "Providers\EmailProviders\FluentCMS.Providers.EmailProviders.Abstractions\FluentCMS.Providers.EmailProviders.Abstractions.csproj", "{1F36D46A-5D9C-42E5-BC17-44C07A4484B4}"
EndProject
Project("{9A19103F-16F7-4668-BE54-9A1E7A4F7556}") = "FluentCMS.Providers.EmailProviders", "Providers\EmailProviders\FluentCMS.Providers.EmailProviders\FluentCMS.Providers.EmailProviders.csproj", "{A355D8E5-1BA2-4267-BEC5-0F21A8D41B45}"
EndProject
Project("{9A19103F-16F7-4668-BE54-9A1E7A4F7556}") = "FluentCMS.Providers.FileStorageProviders.Abstractions", "Providers\FileStorageProviders\FluentCMS.Providers.FileStorageProviders.Abstractions\FluentCMS.Providers.FileStorageProviders.Abstractions.csproj", "{A0D762CD-19DF-4F35-B4B2-B2171168F00B}"
EndProject
Project("{9A19103F-16F7-4668-BE54-9A1E7A4F7556}") = "FluentCMS.Providers.MessageBusProviders.Abstractions", "Providers\MessageBusProviders\FluentCMS.Providers.MessageBusProviders.Abstractions\FluentCMS.Providers.MessageBusProviders.Abstractions.csproj", "{1ADA3DC1-E56B-4648-AD6D-FE8A166ECAD0}"
EndProject
Project("{9A19103F-16F7-4668-BE54-9A1E7A4F7556}") = "FluentCMS.Providers.MessageBusProviders", "Providers\MessageBusProviders\FluentCMS.Providers.MessageBusProviders\FluentCMS.Providers.MessageBusProviders.csproj", "{F24BF4C8-5E7C-41FE-8E15-1318CEE2F136}"
EndProject
Project("{9A19103F-16F7-4668-BE54-9A1E7A4F7556}") = "FluentCMS.Providers.FileStorageProviders", "Providers\FileStorageProviders\FluentCMS.Providers.FileStorageProviders\FluentCMS.Providers.FileStorageProviders.csproj", "{2673EBC9-E99C-4A3F-AEA1-72FF42DEAD0C}"
EndProject
Project("{9A19103F-16F7-4668-BE54-9A1E7A4F7556}") = "FluentCMS.Web.Plugins.Contents.ContentViewer", "Frontend\Plugins\FluentCMS.Web.Plugins.Contents.ContentViewer\FluentCMS.Web.Plugins.Contents.ContentViewer.csproj", "{2FB1EE8A-F07C-41F6-855C-031CA3346BFA}"
EndProject
Project("{2150E333-8FDC-42A3-9474-1A3956D46DE8}") = "TemplateRenderingProviders", "TemplateRenderingProviders", "{7705739E-5D69-4DF4-8C77-34AD3D991683}"
EndProject
Project("{FAE04EC0-301F-11D3-BF4B-00C04F79EFBC}") = "FluentCMS.Providers.TemplateRenderingProviders.Abstractions", "Providers\TemplateRenderingProviders\FluentCMS.Providers.TemplateRenderingProviders.Abstractions\FluentCMS.Providers.TemplateRenderingProviders.Abstractions.csproj", "{6238A269-B71B-444D-815C-2CDB340AEEE9}"
EndProject
Project("{FAE04EC0-301F-11D3-BF4B-00C04F79EFBC}") = "FluentCMS.Providers.TemplateRenderingProviders", "Providers\TemplateRenderingProviders\FluentCMS.Providers.TemplateRenderingProviders\FluentCMS.Providers.TemplateRenderingProviders.csproj", "{6E1E6F02-6930-41C2-B03A-2BE94F167F6F}"
EndProject
Project("{FAE04EC0-301F-11D3-BF4B-00C04F79EFBC}") = "FluentCMS.Web.Plugins.BasePlugin", "Frontend\Plugins\FluentCMS.Web.Plugins.BasePlugin\FluentCMS.Web.Plugins.BasePlugin.csproj", "{3A407E2B-24DF-4C1F-9F24-CD8FE0510D80}"
EndProject
Global
	GlobalSection(SolutionConfigurationPlatforms) = preSolution
		Debug|Any CPU = Debug|Any CPU
		Release|Any CPU = Release|Any CPU
	EndGlobalSection
	GlobalSection(ProjectConfigurationPlatforms) = postSolution
		{2B2327C2-DD1F-446C-AD24-B19883A7A30D}.Debug|Any CPU.ActiveCfg = Debug|Any CPU
		{2B2327C2-DD1F-446C-AD24-B19883A7A30D}.Debug|Any CPU.Build.0 = Debug|Any CPU
		{2B2327C2-DD1F-446C-AD24-B19883A7A30D}.Release|Any CPU.ActiveCfg = Release|Any CPU
		{2B2327C2-DD1F-446C-AD24-B19883A7A30D}.Release|Any CPU.Build.0 = Release|Any CPU
		{2C9B5E9D-900E-4D82-A576-106FE035CAE1}.Debug|Any CPU.ActiveCfg = Debug|Any CPU
		{2C9B5E9D-900E-4D82-A576-106FE035CAE1}.Debug|Any CPU.Build.0 = Debug|Any CPU
		{2C9B5E9D-900E-4D82-A576-106FE035CAE1}.Release|Any CPU.ActiveCfg = Release|Any CPU
		{2C9B5E9D-900E-4D82-A576-106FE035CAE1}.Release|Any CPU.Build.0 = Release|Any CPU
		{F295C81A-BE85-4121-A594-3ECD741DF9E5}.Debug|Any CPU.ActiveCfg = Debug|Any CPU
		{F295C81A-BE85-4121-A594-3ECD741DF9E5}.Debug|Any CPU.Build.0 = Debug|Any CPU
		{F295C81A-BE85-4121-A594-3ECD741DF9E5}.Release|Any CPU.ActiveCfg = Release|Any CPU
		{F295C81A-BE85-4121-A594-3ECD741DF9E5}.Release|Any CPU.Build.0 = Release|Any CPU
		{B2A94C28-1A5C-4F75-851A-DFC4A5077FAA}.Debug|Any CPU.ActiveCfg = Debug|Any CPU
		{B2A94C28-1A5C-4F75-851A-DFC4A5077FAA}.Debug|Any CPU.Build.0 = Debug|Any CPU
		{B2A94C28-1A5C-4F75-851A-DFC4A5077FAA}.Release|Any CPU.ActiveCfg = Release|Any CPU
		{B2A94C28-1A5C-4F75-851A-DFC4A5077FAA}.Release|Any CPU.Build.0 = Release|Any CPU
		{AB6D5218-A3FE-410F-B729-E4CB2AA54C8F}.Debug|Any CPU.ActiveCfg = Debug|Any CPU
		{AB6D5218-A3FE-410F-B729-E4CB2AA54C8F}.Debug|Any CPU.Build.0 = Debug|Any CPU
		{AB6D5218-A3FE-410F-B729-E4CB2AA54C8F}.Release|Any CPU.ActiveCfg = Release|Any CPU
		{AB6D5218-A3FE-410F-B729-E4CB2AA54C8F}.Release|Any CPU.Build.0 = Release|Any CPU
		{E0873894-C1E6-4933-8519-052C9D53CD32}.Debug|Any CPU.ActiveCfg = Debug|Any CPU
		{E0873894-C1E6-4933-8519-052C9D53CD32}.Debug|Any CPU.Build.0 = Debug|Any CPU
		{E0873894-C1E6-4933-8519-052C9D53CD32}.Release|Any CPU.ActiveCfg = Release|Any CPU
		{E0873894-C1E6-4933-8519-052C9D53CD32}.Release|Any CPU.Build.0 = Release|Any CPU
		{CC105757-549C-418F-B564-8C40111B9C57}.Debug|Any CPU.ActiveCfg = Debug|Any CPU
		{CC105757-549C-418F-B564-8C40111B9C57}.Debug|Any CPU.Build.0 = Debug|Any CPU
		{CC105757-549C-418F-B564-8C40111B9C57}.Release|Any CPU.ActiveCfg = Release|Any CPU
		{CC105757-549C-418F-B564-8C40111B9C57}.Release|Any CPU.Build.0 = Release|Any CPU
		{5A1E21A9-1014-4E1B-B7A5-B9B77ECB7045}.Debug|Any CPU.ActiveCfg = Debug|Any CPU
		{5A1E21A9-1014-4E1B-B7A5-B9B77ECB7045}.Debug|Any CPU.Build.0 = Debug|Any CPU
		{5A1E21A9-1014-4E1B-B7A5-B9B77ECB7045}.Release|Any CPU.ActiveCfg = Release|Any CPU
		{5A1E21A9-1014-4E1B-B7A5-B9B77ECB7045}.Release|Any CPU.Build.0 = Release|Any CPU
		{3751A4FF-ACEC-470F-ABF0-660338EBCF0F}.Debug|Any CPU.ActiveCfg = Debug|Any CPU
		{3751A4FF-ACEC-470F-ABF0-660338EBCF0F}.Debug|Any CPU.Build.0 = Debug|Any CPU
		{3751A4FF-ACEC-470F-ABF0-660338EBCF0F}.Release|Any CPU.ActiveCfg = Release|Any CPU
		{3751A4FF-ACEC-470F-ABF0-660338EBCF0F}.Release|Any CPU.Build.0 = Release|Any CPU
		{D165FEE4-4EA8-46FE-B5EC-9A3178CAC615}.Debug|Any CPU.ActiveCfg = Debug|Any CPU
		{D165FEE4-4EA8-46FE-B5EC-9A3178CAC615}.Debug|Any CPU.Build.0 = Debug|Any CPU
		{D165FEE4-4EA8-46FE-B5EC-9A3178CAC615}.Release|Any CPU.ActiveCfg = Release|Any CPU
		{D165FEE4-4EA8-46FE-B5EC-9A3178CAC615}.Release|Any CPU.Build.0 = Release|Any CPU
		{D438CECE-FB91-4E2A-9182-D386222D8C92}.Debug|Any CPU.ActiveCfg = Debug|Any CPU
		{D438CECE-FB91-4E2A-9182-D386222D8C92}.Debug|Any CPU.Build.0 = Debug|Any CPU
		{D438CECE-FB91-4E2A-9182-D386222D8C92}.Release|Any CPU.ActiveCfg = Release|Any CPU
		{D438CECE-FB91-4E2A-9182-D386222D8C92}.Release|Any CPU.Build.0 = Release|Any CPU
		{E78B903B-4307-4220-B451-3000ED3E9971}.Debug|Any CPU.ActiveCfg = Debug|Any CPU
		{E78B903B-4307-4220-B451-3000ED3E9971}.Debug|Any CPU.Build.0 = Debug|Any CPU
		{E78B903B-4307-4220-B451-3000ED3E9971}.Release|Any CPU.ActiveCfg = Release|Any CPU
		{E78B903B-4307-4220-B451-3000ED3E9971}.Release|Any CPU.Build.0 = Release|Any CPU
		{70B5742E-C249-4B51-985C-2B4B7BDAB489}.Debug|Any CPU.ActiveCfg = Debug|Any CPU
		{70B5742E-C249-4B51-985C-2B4B7BDAB489}.Debug|Any CPU.Build.0 = Debug|Any CPU
		{70B5742E-C249-4B51-985C-2B4B7BDAB489}.Release|Any CPU.ActiveCfg = Release|Any CPU
		{70B5742E-C249-4B51-985C-2B4B7BDAB489}.Release|Any CPU.Build.0 = Release|Any CPU
		{818F8CD0-5218-4480-A541-BD9D59416CDE}.Debug|Any CPU.ActiveCfg = Debug|Any CPU
		{818F8CD0-5218-4480-A541-BD9D59416CDE}.Debug|Any CPU.Build.0 = Debug|Any CPU
		{818F8CD0-5218-4480-A541-BD9D59416CDE}.Release|Any CPU.ActiveCfg = Release|Any CPU
		{818F8CD0-5218-4480-A541-BD9D59416CDE}.Release|Any CPU.Build.0 = Release|Any CPU
		{54DBC633-2A8D-4531-AA22-23824C6CFCD9}.Debug|Any CPU.ActiveCfg = Debug|Any CPU
		{54DBC633-2A8D-4531-AA22-23824C6CFCD9}.Debug|Any CPU.Build.0 = Debug|Any CPU
		{54DBC633-2A8D-4531-AA22-23824C6CFCD9}.Release|Any CPU.ActiveCfg = Release|Any CPU
		{54DBC633-2A8D-4531-AA22-23824C6CFCD9}.Release|Any CPU.Build.0 = Release|Any CPU
		{207E4FB5-2614-4E19-B593-C9F1254DF44D}.Debug|Any CPU.ActiveCfg = Debug|Any CPU
		{207E4FB5-2614-4E19-B593-C9F1254DF44D}.Debug|Any CPU.Build.0 = Debug|Any CPU
		{207E4FB5-2614-4E19-B593-C9F1254DF44D}.Release|Any CPU.ActiveCfg = Release|Any CPU
		{207E4FB5-2614-4E19-B593-C9F1254DF44D}.Release|Any CPU.Build.0 = Release|Any CPU
		{D000CB33-97FD-4074-946B-CED146812CCD}.Debug|Any CPU.ActiveCfg = Debug|Any CPU
		{D000CB33-97FD-4074-946B-CED146812CCD}.Debug|Any CPU.Build.0 = Debug|Any CPU
		{D000CB33-97FD-4074-946B-CED146812CCD}.Release|Any CPU.ActiveCfg = Release|Any CPU
		{D000CB33-97FD-4074-946B-CED146812CCD}.Release|Any CPU.Build.0 = Release|Any CPU
		{1F36D46A-5D9C-42E5-BC17-44C07A4484B4}.Debug|Any CPU.ActiveCfg = Debug|Any CPU
		{1F36D46A-5D9C-42E5-BC17-44C07A4484B4}.Debug|Any CPU.Build.0 = Debug|Any CPU
		{1F36D46A-5D9C-42E5-BC17-44C07A4484B4}.Release|Any CPU.ActiveCfg = Release|Any CPU
		{1F36D46A-5D9C-42E5-BC17-44C07A4484B4}.Release|Any CPU.Build.0 = Release|Any CPU
		{A355D8E5-1BA2-4267-BEC5-0F21A8D41B45}.Debug|Any CPU.ActiveCfg = Debug|Any CPU
		{A355D8E5-1BA2-4267-BEC5-0F21A8D41B45}.Debug|Any CPU.Build.0 = Debug|Any CPU
		{A355D8E5-1BA2-4267-BEC5-0F21A8D41B45}.Release|Any CPU.ActiveCfg = Release|Any CPU
		{A355D8E5-1BA2-4267-BEC5-0F21A8D41B45}.Release|Any CPU.Build.0 = Release|Any CPU
		{A0D762CD-19DF-4F35-B4B2-B2171168F00B}.Debug|Any CPU.ActiveCfg = Debug|Any CPU
		{A0D762CD-19DF-4F35-B4B2-B2171168F00B}.Debug|Any CPU.Build.0 = Debug|Any CPU
		{A0D762CD-19DF-4F35-B4B2-B2171168F00B}.Release|Any CPU.ActiveCfg = Release|Any CPU
		{A0D762CD-19DF-4F35-B4B2-B2171168F00B}.Release|Any CPU.Build.0 = Release|Any CPU
		{1ADA3DC1-E56B-4648-AD6D-FE8A166ECAD0}.Debug|Any CPU.ActiveCfg = Debug|Any CPU
		{1ADA3DC1-E56B-4648-AD6D-FE8A166ECAD0}.Debug|Any CPU.Build.0 = Debug|Any CPU
		{1ADA3DC1-E56B-4648-AD6D-FE8A166ECAD0}.Release|Any CPU.ActiveCfg = Release|Any CPU
		{1ADA3DC1-E56B-4648-AD6D-FE8A166ECAD0}.Release|Any CPU.Build.0 = Release|Any CPU
		{F24BF4C8-5E7C-41FE-8E15-1318CEE2F136}.Debug|Any CPU.ActiveCfg = Debug|Any CPU
		{F24BF4C8-5E7C-41FE-8E15-1318CEE2F136}.Debug|Any CPU.Build.0 = Debug|Any CPU
		{F24BF4C8-5E7C-41FE-8E15-1318CEE2F136}.Release|Any CPU.ActiveCfg = Release|Any CPU
		{F24BF4C8-5E7C-41FE-8E15-1318CEE2F136}.Release|Any CPU.Build.0 = Release|Any CPU
		{2673EBC9-E99C-4A3F-AEA1-72FF42DEAD0C}.Debug|Any CPU.ActiveCfg = Debug|Any CPU
		{2673EBC9-E99C-4A3F-AEA1-72FF42DEAD0C}.Debug|Any CPU.Build.0 = Debug|Any CPU
		{2673EBC9-E99C-4A3F-AEA1-72FF42DEAD0C}.Release|Any CPU.ActiveCfg = Release|Any CPU
		{2673EBC9-E99C-4A3F-AEA1-72FF42DEAD0C}.Release|Any CPU.Build.0 = Release|Any CPU
		{2FB1EE8A-F07C-41F6-855C-031CA3346BFA}.Debug|Any CPU.ActiveCfg = Debug|Any CPU
		{2FB1EE8A-F07C-41F6-855C-031CA3346BFA}.Debug|Any CPU.Build.0 = Debug|Any CPU
		{2FB1EE8A-F07C-41F6-855C-031CA3346BFA}.Release|Any CPU.ActiveCfg = Release|Any CPU
		{2FB1EE8A-F07C-41F6-855C-031CA3346BFA}.Release|Any CPU.Build.0 = Release|Any CPU
		{6238A269-B71B-444D-815C-2CDB340AEEE9}.Debug|Any CPU.ActiveCfg = Debug|Any CPU
		{6238A269-B71B-444D-815C-2CDB340AEEE9}.Debug|Any CPU.Build.0 = Debug|Any CPU
		{6238A269-B71B-444D-815C-2CDB340AEEE9}.Release|Any CPU.ActiveCfg = Release|Any CPU
		{6238A269-B71B-444D-815C-2CDB340AEEE9}.Release|Any CPU.Build.0 = Release|Any CPU
		{6E1E6F02-6930-41C2-B03A-2BE94F167F6F}.Debug|Any CPU.ActiveCfg = Debug|Any CPU
		{6E1E6F02-6930-41C2-B03A-2BE94F167F6F}.Debug|Any CPU.Build.0 = Debug|Any CPU
		{6E1E6F02-6930-41C2-B03A-2BE94F167F6F}.Release|Any CPU.ActiveCfg = Release|Any CPU
		{6E1E6F02-6930-41C2-B03A-2BE94F167F6F}.Release|Any CPU.Build.0 = Release|Any CPU
		{3A407E2B-24DF-4C1F-9F24-CD8FE0510D80}.Debug|Any CPU.ActiveCfg = Debug|Any CPU
		{3A407E2B-24DF-4C1F-9F24-CD8FE0510D80}.Debug|Any CPU.Build.0 = Debug|Any CPU
		{3A407E2B-24DF-4C1F-9F24-CD8FE0510D80}.Release|Any CPU.ActiveCfg = Release|Any CPU
		{3A407E2B-24DF-4C1F-9F24-CD8FE0510D80}.Release|Any CPU.Build.0 = Release|Any CPU
	EndGlobalSection
	GlobalSection(SolutionProperties) = preSolution
		HideSolutionNode = FALSE
	EndGlobalSection
	GlobalSection(NestedProjects) = preSolution
		{1CC73AD2-CFC9-4FE7-96C0-0E4FEFBB66F1} = {07500646-19CF-415A-A1E5-0CDFDFE76127}
		{2C9B5E9D-900E-4D82-A576-106FE035CAE1} = {07500646-19CF-415A-A1E5-0CDFDFE76127}
		{F295C81A-BE85-4121-A594-3ECD741DF9E5} = {1CC73AD2-CFC9-4FE7-96C0-0E4FEFBB66F1}
		{B2A94C28-1A5C-4F75-851A-DFC4A5077FAA} = {1CC73AD2-CFC9-4FE7-96C0-0E4FEFBB66F1}
		{AB6D5218-A3FE-410F-B729-E4CB2AA54C8F} = {1CC73AD2-CFC9-4FE7-96C0-0E4FEFBB66F1}
		{E0873894-C1E6-4933-8519-052C9D53CD32} = {07500646-19CF-415A-A1E5-0CDFDFE76127}
		{CC105757-549C-418F-B564-8C40111B9C57} = {07500646-19CF-415A-A1E5-0CDFDFE76127}
		{5A1E21A9-1014-4E1B-B7A5-B9B77ECB7045} = {07500646-19CF-415A-A1E5-0CDFDFE76127}
		{3751A4FF-ACEC-470F-ABF0-660338EBCF0F} = {5961A5E0-54A6-42F5-92A2-9A9E48DE2878}
		{D165FEE4-4EA8-46FE-B5EC-9A3178CAC615} = {5961A5E0-54A6-42F5-92A2-9A9E48DE2878}
		{D438CECE-FB91-4E2A-9182-D386222D8C92} = {5961A5E0-54A6-42F5-92A2-9A9E48DE2878}
		{BB5FD6A0-0840-4381-AB68-AD61499368ED} = {5961A5E0-54A6-42F5-92A2-9A9E48DE2878}
		{70B5742E-C249-4B51-985C-2B4B7BDAB489} = {BB5FD6A0-0840-4381-AB68-AD61499368ED}
		{818F8CD0-5218-4480-A541-BD9D59416CDE} = {BB5FD6A0-0840-4381-AB68-AD61499368ED}
		{54DBC633-2A8D-4531-AA22-23824C6CFCD9} = {BB5FD6A0-0840-4381-AB68-AD61499368ED}
		{0A4945C1-1089-4331-B9F4-2AB98BCB4D39} = {CA060C96-322D-4410-8D32-0AF5DA8A975C}
		{6BF48DBC-42A7-412E-8894-39E61BA7EF8A} = {CA060C96-322D-4410-8D32-0AF5DA8A975C}
		{ACD2C7B7-2227-4E25-88F8-8B45BCE89584} = {CA060C96-322D-4410-8D32-0AF5DA8A975C}
		{2FF62DC2-6027-4F9F-A6A9-3DA46D2B88E2} = {CA060C96-322D-4410-8D32-0AF5DA8A975C}
		{207E4FB5-2614-4E19-B593-C9F1254DF44D} = {ACD2C7B7-2227-4E25-88F8-8B45BCE89584}
		{D000CB33-97FD-4074-946B-CED146812CCD} = {ACD2C7B7-2227-4E25-88F8-8B45BCE89584}
		{1F36D46A-5D9C-42E5-BC17-44C07A4484B4} = {0A4945C1-1089-4331-B9F4-2AB98BCB4D39}
		{A355D8E5-1BA2-4267-BEC5-0F21A8D41B45} = {0A4945C1-1089-4331-B9F4-2AB98BCB4D39}
		{A0D762CD-19DF-4F35-B4B2-B2171168F00B} = {6BF48DBC-42A7-412E-8894-39E61BA7EF8A}
		{1ADA3DC1-E56B-4648-AD6D-FE8A166ECAD0} = {2FF62DC2-6027-4F9F-A6A9-3DA46D2B88E2}
		{F24BF4C8-5E7C-41FE-8E15-1318CEE2F136} = {2FF62DC2-6027-4F9F-A6A9-3DA46D2B88E2}
		{2673EBC9-E99C-4A3F-AEA1-72FF42DEAD0C} = {6BF48DBC-42A7-412E-8894-39E61BA7EF8A}
		{2FB1EE8A-F07C-41F6-855C-031CA3346BFA} = {BB5FD6A0-0840-4381-AB68-AD61499368ED}
		{7705739E-5D69-4DF4-8C77-34AD3D991683} = {CA060C96-322D-4410-8D32-0AF5DA8A975C}
		{6238A269-B71B-444D-815C-2CDB340AEEE9} = {7705739E-5D69-4DF4-8C77-34AD3D991683}
		{6E1E6F02-6930-41C2-B03A-2BE94F167F6F} = {7705739E-5D69-4DF4-8C77-34AD3D991683}
		{3A407E2B-24DF-4C1F-9F24-CD8FE0510D80} = {BB5FD6A0-0840-4381-AB68-AD61499368ED}
	EndGlobalSection
	GlobalSection(ExtensibilityGlobals) = postSolution
		SolutionGuid = {2E9F4217-7A58-48A4-9850-84CD0CDA31DA}
	EndGlobalSection
EndGlobal
